<?xml version="1.0" encoding="utf-8"?>
<Project ToolsVersion="4.0" xmlns="http://schemas.microsoft.com/developer/msbuild/2003">
  <ItemGroup>
    <Filter Include="doc">
      <UniqueIdentifier>{cf4711a3-15d8-493c-9ae3-fdbe491345b6}</UniqueIdentifier>
    </Filter>
  </ItemGroup>
  <ItemGroup>
    <None Include="..\..\Authors">
      <Filter>doc</Filter>
    </None>
    <None Include="..\..\ChangeLog">
      <Filter>doc</Filter>
    </None>
    <None Include="..\..\Copying">
      <Filter>doc</Filter>
    </None>
    <None Include="..\..\Install">
      <Filter>doc</Filter>
    </None>
    <None Include="..\..\News">
      <Filter>doc</Filter>
    </None>
    <None Include="..\..\Readme">
      <Filter>doc</Filter>
    </None>
    <None Include="..\..\src\oregoncore\OregonCore.ico" />
    <None Include="..\..\Thanks">
      <Filter>doc</Filter>
    </None>
  </ItemGroup>
  <ItemGroup>
    <ClCompile Include="..\..\src\oregoncore\CliRunnable.cpp" />
    <ClCompile Include="..\..\src\oregoncore\Main.cpp" />
    <ClCompile Include="..\..\src\oregoncore\Master.cpp" />
    <ClCompile Include="..\..\src\oregoncore\RASocket.cpp" />
    <ClCompile Include="..\..\src\oregoncore\WorldRunnable.cpp" />
    <ClCompile Include="..\..\src\shared\WheatyExceptionReport.cpp" />
  </ItemGroup>
  <ItemGroup>
    <ClInclude Include="..\..\src\oregoncore\CliRunnable.h" />
    <ClInclude Include="..\..\src\oregoncore\Master.h" />
    <ClInclude Include="..\..\src\oregoncore\RASocket.h" />
    <ClInclude Include="..\..\src\oregoncore\WorldRunnable.h" />
    <ClInclude Include="..\..\src\shared\WheatyExceptionReport.h" />
  </ItemGroup>
  <ItemGroup>
    <ResourceCompile Include="..\..\src\oregoncore\OregonCore.rc" />
  </ItemGroup>
</Project>