<?xml version="1.0" encoding="utf-8"?>
<Project ToolsVersion="4.0" xmlns="http://schemas.microsoft.com/developer/msbuild/2003">
  <ItemGroup>
    <Filter Include="Auth">
      <UniqueIdentifier>{dd0d730a-cc61-415a-89e6-69a9d68db727}</UniqueIdentifier>
    </Filter>
    <Filter Include="Config">
      <UniqueIdentifier>{b3640cda-5a3e-489b-b57a-59b243461c41}</UniqueIdentifier>
    </Filter>
    <Filter Include="Config\dotconfpp">
      <UniqueIdentifier>{fb71bb3d-9107-4c1d-b399-e526342ff869}</UniqueIdentifier>
    </Filter>
    <Filter Include="Database">
      <UniqueIdentifier>{79ebcff8-5186-49f8-a558-5ce8ad494004}</UniqueIdentifier>
    </Filter>
    <Filter Include="Database\DataStores">
      <UniqueIdentifier>{b79f1e17-9638-4fe8-befc-98df3289b923}</UniqueIdentifier>
    </Filter>
    <Filter Include="Log">
      <UniqueIdentifier>{f1819c29-ed3c-4e79-8534-81c9914205d5}</UniqueIdentifier>
    </Filter>
    <Filter Include="Util">
      <UniqueIdentifier>{9ece7bc0-835d-45b7-8676-c3376ed4d002}</UniqueIdentifier>
    </Filter>
    <Filter Include="vmaps">
      <UniqueIdentifier>{d2ece02e-1373-47f3-b4f5-547f289d8c68}</UniqueIdentifier>
    </Filter>
  </ItemGroup>
  <ItemGroup>
    <ClCompile Include="..\..\src\shared\Auth\AuthCrypt.cpp">
      <Filter>Auth</Filter>
    </ClCompile>
    <ClCompile Include="..\..\src\shared\Auth\BigNumber.cpp">
      <Filter>Auth</Filter>
    </ClCompile>
    <ClCompile Include="..\..\src\shared\Auth\Hmac.cpp">
      <Filter>Auth</Filter>
    </ClCompile>
    <ClCompile Include="..\..\src\shared\Auth\Sha1.cpp">
      <Filter>Auth</Filter>
    </ClCompile>
    <ClCompile Include="..\..\src\shared\Base.cpp">
      <Filter>Util</Filter>
    </ClCompile>
    <ClCompile Include="..\..\src\shared\Common.cpp" />
    <ClCompile Include="..\..\src\shared\Config\Config.cpp">
      <Filter>Config</Filter>
    </ClCompile>
    <ClCompile Include="..\..\src\shared\Config\dotconfpp\dotconfpp.cpp">
      <Filter>Config\dotconfpp</Filter>
    </ClCompile>
    <ClCompile Include="..\..\src\shared\Config\dotconfpp\mempool.cpp">
      <Filter>Config\dotconfpp</Filter>
    </ClCompile>
    <ClCompile Include="..\..\src\shared\Database\Database.cpp">
      <Filter>Database</Filter>
    </ClCompile>
    <ClCompile Include="..\..\src\shared\Database\DatabaseMysql.cpp">
      <Filter>Database</Filter>
    </ClCompile>
    <ClCompile Include="..\..\src\shared\Database\DatabaseSqlite.cpp">
      <Filter>Database</Filter>
    </ClCompile>
    <ClCompile Include="..\..\src\shared\Database\dbcfile.cpp">
      <Filter>Database\DataStores</Filter>
    </ClCompile>
    <ClCompile Include="..\..\src\shared\Database\DBCfmt.cpp">
      <Filter>Database\DataStores</Filter>
    </ClCompile>
    <ClCompile Include="..\..\src\shared\Database\DBCStores.cpp">
      <Filter>Database\DataStores</Filter>
    </ClCompile>
    <ClCompile Include="..\..\src\shared\Database\Field.cpp">
      <Filter>Database</Filter>
    </ClCompile>
    <ClCompile Include="..\..\src\shared\Database\QueryResultMysql.cpp">
      <Filter>Database</Filter>
    </ClCompile>
    <ClCompile Include="..\..\src\shared\Database\QueryResultSqlite.cpp">
      <Filter>Database</Filter>
    </ClCompile>
    <ClCompile Include="..\..\src\shared\Database\SqlDelayThread.cpp">
      <Filter>Database</Filter>
    </ClCompile>
    <ClCompile Include="..\..\src\shared\Database\SqlOperations.cpp">
      <Filter>Database</Filter>
    </ClCompile>
    <ClCompile Include="..\..\src\shared\Database\SQLStorage.cpp">
      <Filter>Database</Filter>
    </ClCompile>
    <ClCompile Include="..\..\src\shared\Log.cpp">
      <Filter>Log</Filter>
    </ClCompile>
    <ClCompile Include="..\..\src\shared\Mthread.cpp">
      <Filter>Util</Filter>
    </ClCompile>
    <ClCompile Include="..\..\src\shared\ProgressBar.cpp">
      <Filter>Util</Filter>
    </ClCompile>
    <ClCompile Include="..\..\src\shared\ServiceWin32.cpp" />
    <ClCompile Include="..\..\src\shared\Threading.cpp" />
    <ClCompile Include="..\..\src\shared\Util.cpp">
      <Filter>Util</Filter>
    </ClCompile>
    <ClCompile Include="..\..\src\shared\vmap\BaseModel.cpp">
      <Filter>vmaps</Filter>
    </ClCompile>
    <ClCompile Include="..\..\src\shared\vmap\CoordModelMapping.cpp">
      <Filter>vmaps</Filter>
    </ClCompile>
    <ClCompile Include="..\..\src\shared\vmap\DebugCmdLogger.cpp">
      <Filter>vmaps</Filter>
    </ClCompile>
    <ClCompile Include="..\..\src\shared\vmap\ManagedModelContainer.cpp">
      <Filter>vmaps</Filter>
    </ClCompile>
    <ClCompile Include="..\..\src\shared\vmap\ModelContainer.cpp">
      <Filter>vmaps</Filter>
    </ClCompile>
    <ClCompile Include="..\..\src\shared\vmap\SubModel.cpp">
      <Filter>vmaps</Filter>
    </ClCompile>
    <ClCompile Include="..\..\src\shared\vmap\TileAssembler.cpp">
      <Filter>vmaps</Filter>
    </ClCompile>
    <ClCompile Include="..\..\src\shared\vmap\TreeNode.cpp">
      <Filter>vmaps</Filter>
    </ClCompile>
    <ClCompile Include="..\..\src\shared\vmap\VMapFactory.cpp">
      <Filter>vmaps</Filter>
    </ClCompile>
    <ClCompile Include="..\..\src\shared\vmap\VMapManager.cpp">
      <Filter>vmaps</Filter>
    </ClCompile>
  </ItemGroup>
  <ItemGroup>
    <ClInclude Include="..\..\dep\include\mersennetwister\MersenneTwister.h">
      <Filter>Util</Filter>
    </ClInclude>
    <ClInclude Include="..\..\src\shared\Auth\AuthCrypt.h">
      <Filter>Auth</Filter>
    </ClInclude>
    <ClInclude Include="..\..\src\shared\Auth\BigNumber.h">
      <Filter>Auth</Filter>
    </ClInclude>
    <ClInclude Include="..\..\src\shared\Auth\Hmac.h">
      <Filter>Auth</Filter>
    </ClInclude>
    <ClInclude Include="..\..\src\shared\Auth\Sha1.h">
      <Filter>Auth</Filter>
    </ClInclude>
    <ClInclude Include="..\..\src\shared\Base.h">
      <Filter>Util</Filter>
    </ClInclude>
    <ClInclude Include="..\..\src\shared\ByteBuffer.h">
      <Filter>Util</Filter>
    </ClInclude>
    <ClInclude Include="..\..\src\shared\Common.h" />
    <ClInclude Include="..\..\src\shared\Config\Config.h">
      <Filter>Config</Filter>
    </ClInclude>
    <ClInclude Include="..\..\src\shared\Config\ConfigEnv.h">
      <Filter>Config</Filter>
    </ClInclude>
    <ClInclude Include="..\..\src\shared\Config\dotconfpp\dotconfpp.h">
      <Filter>Config\dotconfpp</Filter>
    </ClInclude>
    <ClInclude Include="..\..\src\shared\Config\dotconfpp\mempool.h">
      <Filter>Config\dotconfpp</Filter>
    </ClInclude>
    <ClInclude Include="..\..\src\shared\Database\Database.h">
      <Filter>Database</Filter>
    </ClInclude>
    <ClInclude Include="..\..\src\shared\Database\DatabaseEnv.h">
      <Filter>Database</Filter>
    </ClInclude>
    <ClInclude Include="..\..\src\shared\Database\DatabaseImpl.h">
      <Filter>Database</Filter>
    </ClInclude>
    <ClInclude Include="..\..\src\shared\Database\DatabaseMysql.h">
      <Filter>Database</Filter>
    </ClInclude>
    <ClInclude Include="..\..\src\shared\Database\DatabaseSqlite.h">
      <Filter>Database</Filter>
    </ClInclude>
    <ClInclude Include="..\..\src\shared\Database\dbcfile.h">
      <Filter>Database\DataStores</Filter>
    </ClInclude>
    <ClInclude Include="..\..\src\shared\Database\DBCStores.h">
      <Filter>Database\DataStores</Filter>
    </ClInclude>
    <ClInclude Include="..\..\src\shared\Database\DBCStructure.h">
      <Filter>Database\DataStores</Filter>
    </ClInclude>
    <ClInclude Include="..\..\src\shared\Database\Field.h">
      <Filter>Database</Filter>
    </ClInclude>
    <ClInclude Include="..\..\src\shared\Database\MySQLDelayThread.h">
      <Filter>Database</Filter>
    </ClInclude>
    <ClInclude Include="..\..\src\shared\Database\QueryResult.h">
      <Filter>Database</Filter>
    </ClInclude>
    <ClInclude Include="..\..\src\shared\Database\QueryResultMysql.h">
      <Filter>Database</Filter>
    </ClInclude>
    <ClInclude Include="..\..\src\shared\Database\QueryResultSqlite.h">
      <Filter>Database</Filter>
    </ClInclude>
    <ClInclude Include="..\..\src\shared\Database\SqlDelayThread.h">
      <Filter>Database</Filter>
    </ClInclude>
    <ClInclude Include="..\..\src\shared\Database\SqlOperations.h">
      <Filter>Database</Filter>
    </ClInclude>
    <ClInclude Include="..\..\src\shared\Database\SQLStorage.h">
      <Filter>Database</Filter>
    </ClInclude>
    <ClInclude Include="..\..\src\shared\Errors.h">
      <Filter>Util</Filter>
    </ClInclude>
    <ClInclude Include="..\..\src\shared\LockedQueue.h" />
    <ClInclude Include="..\..\src\shared\Log.h">
      <Filter>Log</Filter>
    </ClInclude>
    <ClInclude Include="..\..\src\shared\Mthread.h">
      <Filter>Util</Filter>
    </ClInclude>
    <ClInclude Include="..\..\src\shared\ProgressBar.h">
      <Filter>Util</Filter>
    </ClInclude>
    <ClInclude Include="..\..\src\shared\ServiceWin32.h" />
    <ClInclude Include="..\..\src\shared\SystemConfig.h" />
    <ClInclude Include="..\..\src\shared\Threading.h" />
    <ClInclude Include="..\..\src\shared\Timer.h">
      <Filter>Util</Filter>
    </ClInclude>
    <ClInclude Include="..\..\src\shared\Util.h">
      <Filter>Util</Filter>
    </ClInclude>
    <ClInclude Include="..\..\src\shared\vmap\AABSPTree.h">
      <Filter>vmaps</Filter>
    </ClInclude>
    <ClInclude Include="..\..\src\shared\vmap\BaseModel.h">
      <Filter>vmaps</Filter>
    </ClInclude>
    <ClInclude Include="..\..\src\shared\vmap\CoordModelMapping.h">
      <Filter>vmaps</Filter>
    </ClInclude>
    <ClInclude Include="..\..\src\shared\vmap\DebugCmdLogger.h">
      <Filter>vmaps</Filter>
    </ClInclude>
    <ClInclude Include="..\..\src\shared\vmap\IVMapManager.h">
      <Filter>vmaps</Filter>
    </ClInclude>
    <ClInclude Include="..\..\src\shared\vmap\ManagedModelContainer.h">
      <Filter>vmaps</Filter>
    </ClInclude>
    <ClInclude Include="..\..\src\shared\vmap\ModelContainer.h">
      <Filter>vmaps</Filter>
    </ClInclude>
    <ClInclude Include="..\..\src\shared\vmap\NodeValueAccess.h">
      <Filter>vmaps</Filter>
    </ClInclude>
    <ClInclude Include="..\..\src\shared\vmap\ShortBox.h">
      <Filter>vmaps</Filter>
    </ClInclude>
    <ClInclude Include="..\..\src\shared\vmap\ShortVector.h">
      <Filter>vmaps</Filter>
    </ClInclude>
    <ClInclude Include="..\..\src\shared\vmap\SubModel.h">
      <Filter>vmaps</Filter>
    </ClInclude>
    <ClInclude Include="..\..\src\shared\vmap\TileAssembler.h">
      <Filter>vmaps</Filter>
    </ClInclude>
    <ClInclude Include="..\..\src\shared\vmap\TreeNode.h">
      <Filter>vmaps</Filter>
    </ClInclude>
    <ClInclude Include="..\..\src\shared\vmap\VMapDefinitions.h">
      <Filter>vmaps</Filter>
    </ClInclude>
    <ClInclude Include="..\..\src\shared\vmap\VMapFactory.h">
      <Filter>vmaps</Filter>
    </ClInclude>
    <ClInclude Include="..\..\src\shared\vmap\VMapManager.h">
      <Filter>vmaps</Filter>
    </ClInclude>
    <ClInclude Include="..\..\src\shared\vmap\VMapTools.h">
      <Filter>vmaps</Filter>
    </ClInclude>
  </ItemGroup>
  <ItemGroup>
    <CustomBuild Include="..\..\src\shared\revision.h" />
  </ItemGroup>
</Project>