<?xml version="1.0" encoding="utf-8"?>
<Project ToolsVersion="4.0" xmlns="http://schemas.microsoft.com/developer/msbuild/2003">
  <ItemGroup>
    <Filter Include="Include">
      <UniqueIdentifier>{e7150fe2-9314-4996-bbb1-377aea9cd436}</UniqueIdentifier>
    </Filter>
    <Filter Include="Scripts">
      <UniqueIdentifier>{83fcb844-83c7-4aa8-86ce-fb921134caf1}</UniqueIdentifier>
    </Filter>
    <Filter Include="Scripts\areatrigger">
      <UniqueIdentifier>{e6fab7c2-c1eb-47ef-9dd1-4b9c5c8538e8}</UniqueIdentifier>
    </Filter>
    <Filter Include="Scripts\boss">
      <UniqueIdentifier>{6e983ea2-8741-4cc3-875d-2ed7b36f4aeb}</UniqueIdentifier>
    </Filter>
    <Filter Include="Scripts\creature">
      <UniqueIdentifier>{84bd6bc9-3e55-4489-b2de-39b62dae7ad5}</UniqueIdentifier>
    </Filter>
    <Filter Include="Scripts\custom">
      <UniqueIdentifier>{1283ecc6-e14e-4063-ad16-41e7c8102b42}</UniqueIdentifier>
    </Filter>
    <Filter Include="Scripts\go">
      <UniqueIdentifier>{fea53871-4f3e-4cf0-96fb-ba6c126e30d8}</UniqueIdentifier>
    </Filter>
    <Filter Include="Scripts\guard">
      <UniqueIdentifier>{756d91bf-34c5-46b0-8303-8171d1894ca5}</UniqueIdentifier>
    </Filter>
    <Filter Include="Scripts\honor">
      <UniqueIdentifier>{68f48753-0d93-4183-8f02-934b46922df1}</UniqueIdentifier>
    </Filter>
    <Filter Include="Scripts\item">
      <UniqueIdentifier>{82104000-e67b-4975-bd36-cb799adfadbd}</UniqueIdentifier>
    </Filter>
    <Filter Include="Scripts\npc">
      <UniqueIdentifier>{161cdaf9-5e57-42e4-b2d2-d9b9d60ff94a}</UniqueIdentifier>
    </Filter>
    <Filter Include="Scripts\servers">
      <UniqueIdentifier>{d8148417-7df9-4c5e-a1ce-a67dfdaae6dc}</UniqueIdentifier>
    </Filter>
    <Filter Include="Scripts\zone">
      <UniqueIdentifier>{7d946fd4-a277-4acf-9181-5ac38c135fc9}</UniqueIdentifier>
    </Filter>
    <Filter Include="Scripts\zone\Alterac Mountains">
      <UniqueIdentifier>{79e2bc90-9343-47f0-8898-1e5813dbdc9e}</UniqueIdentifier>
    </Filter>
    <Filter Include="Scripts\zone\Arathi Highlands">
      <UniqueIdentifier>{a710af06-a561-40d2-b0fe-a2fbc14410ea}</UniqueIdentifier>
    </Filter>
    <Filter Include="Scripts\zone\Ashenvale Forest">
      <UniqueIdentifier>{f88b9794-7405-4dbe-99b5-466eff9b8d3d}</UniqueIdentifier>
    </Filter>
    <Filter Include="Scripts\zone\Aunchindoun">
      <UniqueIdentifier>{3fb64214-d021-49aa-8477-fc431c6f6d5b}</UniqueIdentifier>
    </Filter>
    <Filter Include="Scripts\zone\Aunchindoun\Auchenai Crypts">
      <UniqueIdentifier>{b21106c2-6c97-49bc-a9e8-095c031182bb}</UniqueIdentifier>
    </Filter>
    <Filter Include="Scripts\zone\Aunchindoun\Mana Tombs">
      <UniqueIdentifier>{24ef5a66-788f-41c1-b3cf-d125d7b892da}</UniqueIdentifier>
    </Filter>
    <Filter Include="Scripts\zone\Aunchindoun\Sethekk Halls">
      <UniqueIdentifier>{c6efff0d-6030-4e1b-8417-d19c1bfaac72}</UniqueIdentifier>
    </Filter>
    <Filter Include="Scripts\zone\Aunchindoun\Shadow Labyrinth">
      <UniqueIdentifier>{c42c7dc1-2bfa-4fce-a705-10b73467ebec}</UniqueIdentifier>
    </Filter>
    <Filter Include="Scripts\zone\Azshara">
      <UniqueIdentifier>{891eb645-8609-4dfb-9a93-40f61b3f37bf}</UniqueIdentifier>
    </Filter>
    <Filter Include="Scripts\zone\Azuremyst Isle">
      <UniqueIdentifier>{e2d04469-3213-447a-88e5-686ab9ad147f}</UniqueIdentifier>
    </Filter>
    <Filter Include="Scripts\zone\Badlands">
      <UniqueIdentifier>{1801b7c5-2bae-4410-8912-e21ef4b64756}</UniqueIdentifier>
    </Filter>
    <Filter Include="Scripts\zone\Barrens">
      <UniqueIdentifier>{ccf201e5-9c25-460a-8179-155da56aba6e}</UniqueIdentifier>
    </Filter>
    <Filter Include="Scripts\zone\Black Temple">
      <UniqueIdentifier>{5cabfaec-88fb-45b5-83ac-ff3d492ec950}</UniqueIdentifier>
    </Filter>
    <Filter Include="Scripts\zone\Blackfathom Deeps">
      <UniqueIdentifier>{efab691b-0fc3-4984-a8f6-34d546186bbc}</UniqueIdentifier>
    </Filter>
    <Filter Include="Scripts\zone\Blackfathom Depths">
      <UniqueIdentifier>{4dd253e0-1612-4df7-80c2-a14a849c9514}</UniqueIdentifier>
    </Filter>
    <Filter Include="Scripts\zone\Blackrock Depths">
      <UniqueIdentifier>{8039b888-d1d0-4c84-9f0b-b609658e0006}</UniqueIdentifier>
    </Filter>
    <Filter Include="Scripts\zone\Blackrock Spire">
      <UniqueIdentifier>{43ffc8b0-fde1-45f0-be67-2a909902c1c2}</UniqueIdentifier>
    </Filter>
    <Filter Include="Scripts\zone\Blackwing Lair">
      <UniqueIdentifier>{5de0fbff-457c-464b-b09a-1128479c6c35}</UniqueIdentifier>
    </Filter>
    <Filter Include="Scripts\zone\Blade%27s Edge Mountains">
      <UniqueIdentifier>{72655fd6-2fd6-4a80-8338-3bf957b3cc4d}</UniqueIdentifier>
    </Filter>
    <Filter Include="Scripts\zone\Blasted Lands">
      <UniqueIdentifier>{2fd1ccca-5f33-45b9-9617-81f86612c41d}</UniqueIdentifier>
    </Filter>
    <Filter Include="Scripts\zone\Bloodmyst Isle">
      <UniqueIdentifier>{e73faef6-10d7-460f-a2d5-fbc6ec5e968d}</UniqueIdentifier>
    </Filter>
    <Filter Include="Scripts\zone\Burning Steppes">
      <UniqueIdentifier>{3640bb03-6830-49a2-a660-48e96653d8e6}</UniqueIdentifier>
    </Filter>
    <Filter Include="Scripts\zone\Caverns of Time">
      <UniqueIdentifier>{82d0323e-e94e-4bed-b01a-69286e2f6418}</UniqueIdentifier>
    </Filter>
    <Filter Include="Scripts\zone\Caverns of Time\Battle for Mt. Hyjal">
      <UniqueIdentifier>{34883cca-2306-45bf-b1cb-34de32a72dad}</UniqueIdentifier>
    </Filter>
    <Filter Include="Scripts\zone\Caverns of Time\Old Hillsbrad">
      <UniqueIdentifier>{64218428-71a1-4161-a081-6c7ba533b0f9}</UniqueIdentifier>
    </Filter>
    <Filter Include="Scripts\zone\Caverns of Time\The Dark Portal">
      <UniqueIdentifier>{43883fe5-abb4-4a18-91ee-db607b5a1ba4}</UniqueIdentifier>
    </Filter>
    <Filter Include="Scripts\zone\Coilfang Resevoir">
      <UniqueIdentifier>{f78915f6-b008-4b12-81c7-264a59b0b19c}</UniqueIdentifier>
    </Filter>
    <Filter Include="Scripts\zone\Coilfang Resevoir\Serpent Shrine Cavern">
      <UniqueIdentifier>{68e4b321-5cda-4f87-ba17-8abda11cd8b7}</UniqueIdentifier>
    </Filter>
    <Filter Include="Scripts\zone\Coilfang Resevoir\Slave Pens">
      <UniqueIdentifier>{4f91660b-253a-425d-a76c-dfa906c82ebf}</UniqueIdentifier>
    </Filter>
    <Filter Include="Scripts\zone\Coilfang Resevoir\Steam Vault">
      <UniqueIdentifier>{46dbe7a2-63cb-4df3-bc35-93b2f454f984}</UniqueIdentifier>
    </Filter>
    <Filter Include="Scripts\zone\Coilfang Resevoir\Underbog">
      <UniqueIdentifier>{c38edf87-598e-46a0-8b6f-e9ad5b283c9a}</UniqueIdentifier>
    </Filter>
    <Filter Include="Scripts\zone\Darkshore">
      <UniqueIdentifier>{c570a29d-d262-46d6-a1bb-d7ff6bfd2ba0}</UniqueIdentifier>
    </Filter>
    <Filter Include="Scripts\zone\Darnassus">
      <UniqueIdentifier>{efcfa56e-5a03-440d-b3f7-eae2287bf357}</UniqueIdentifier>
    </Filter>
    <Filter Include="Scripts\zone\Deadmines">
      <UniqueIdentifier>{272172ca-fbb1-44f1-b501-9066984a34ca}</UniqueIdentifier>
    </Filter>
    <Filter Include="Scripts\zone\Deadwind Pass">
      <UniqueIdentifier>{4126e9ec-94af-4291-b151-ee3cc28b41ed}</UniqueIdentifier>
    </Filter>
    <Filter Include="Scripts\zone\Desolace">
      <UniqueIdentifier>{6adbac82-bdb8-4b83-b7e8-08c927888e7e}</UniqueIdentifier>
    </Filter>
    <Filter Include="Scripts\zone\Dire Maul">
      <UniqueIdentifier>{789be5eb-3dfc-48a6-8b5d-e29f712c339f}</UniqueIdentifier>
    </Filter>
    <Filter Include="Scripts\zone\Dun Morogh">
      <UniqueIdentifier>{9fd00bd1-557b-4aed-ada8-144eeef9985f}</UniqueIdentifier>
    </Filter>
    <Filter Include="Scripts\zone\Durotar">
      <UniqueIdentifier>{658405b8-10fb-40e1-b79e-32b484a8d58a}</UniqueIdentifier>
    </Filter>
    <Filter Include="Scripts\zone\Duskwood">
      <UniqueIdentifier>{5c30ade7-d7f7-4557-b93a-9c9f97f99515}</UniqueIdentifier>
    </Filter>
    <Filter Include="Scripts\zone\Dustwallow Marsh">
      <UniqueIdentifier>{80c59b4a-e08f-4ffc-acfa-95214707ed5c}</UniqueIdentifier>
    </Filter>
    <Filter Include="Scripts\zone\Eastern Plaguelands">
      <UniqueIdentifier>{e732efff-db96-4f0d-8c02-84ccb475d7fa}</UniqueIdentifier>
    </Filter>
    <Filter Include="Scripts\zone\Elwynn Forest">
      <UniqueIdentifier>{770c07dd-a0e7-4715-b639-803a14663cab}</UniqueIdentifier>
    </Filter>
    <Filter Include="Scripts\zone\Eversong Woods">
      <UniqueIdentifier>{c3243d0c-6fab-497b-866d-cfe555954347}</UniqueIdentifier>
    </Filter>
    <Filter Include="Scripts\zone\Exodar">
      <UniqueIdentifier>{2b31ae42-60d2-4b61-8e89-1b526de01930}</UniqueIdentifier>
    </Filter>
    <Filter Include="Scripts\zone\Felwood">
      <UniqueIdentifier>{8881ac20-80dd-424f-b66d-fb18352589cc}</UniqueIdentifier>
    </Filter>
    <Filter Include="Scripts\zone\Feralas">
      <UniqueIdentifier>{f763cb16-e32e-421c-a15d-8b499fcf6b01}</UniqueIdentifier>
    </Filter>
    <Filter Include="Scripts\zone\Ghostlands">
      <UniqueIdentifier>{5546a363-e9e5-4c85-a08f-7e03b2841224}</UniqueIdentifier>
    </Filter>
    <Filter Include="Scripts\zone\Gnomeregan">
      <UniqueIdentifier>{ddd01377-e25f-46da-a8e1-dd97bbcb35ed}</UniqueIdentifier>
    </Filter>
    <Filter Include="Scripts\zone\Gruul%27s Lair">
      <UniqueIdentifier>{0a87050d-8723-4f5b-81ec-8c86bc92ae48}</UniqueIdentifier>
    </Filter>
    <Filter Include="Scripts\zone\Hellfire Citadel">
      <UniqueIdentifier>{2d28ab41-ccc9-402b-8197-81a5bfc0e1f5}</UniqueIdentifier>
    </Filter>
    <Filter Include="Scripts\zone\Hellfire Citadel\Blood Furnace">
      <UniqueIdentifier>{6cebcac2-d397-4a42-ac00-bf38e98d5407}</UniqueIdentifier>
    </Filter>
    <Filter Include="Scripts\zone\Hellfire Citadel\Hellfire Ramparts">
      <UniqueIdentifier>{4c87fdd1-7f8e-49ae-baa4-1c6fef68d3a2}</UniqueIdentifier>
    </Filter>
    <Filter Include="Scripts\zone\Hellfire Citadel\Magtheridon%27s lair">
      <UniqueIdentifier>{0b7a2831-7f7e-402a-9f63-7003640152fd}</UniqueIdentifier>
    </Filter>
    <Filter Include="Scripts\zone\Hellfire Citadel\Shattered Halls">
      <UniqueIdentifier>{a6655f43-a261-4b31-a032-481f4fa2a57e}</UniqueIdentifier>
    </Filter>
    <Filter Include="Scripts\zone\Hellfire Peninsula">
      <UniqueIdentifier>{bfe1aa3d-824a-423f-b2b3-dc1179502485}</UniqueIdentifier>
    </Filter>
    <Filter Include="Scripts\zone\Hillsbrad Foothills">
      <UniqueIdentifier>{8e4680f1-5e70-435a-8d8f-b6d955b519c0}</UniqueIdentifier>
    </Filter>
    <Filter Include="Scripts\zone\Hinterlands">
      <UniqueIdentifier>{efc3cbba-f89c-4c53-afbf-c562d2b29675}</UniqueIdentifier>
    </Filter>
    <Filter Include="Scripts\zone\Iron Forge">
      <UniqueIdentifier>{5479e8b2-251b-4db1-86cc-97944b999a8b}</UniqueIdentifier>
    </Filter>
    <Filter Include="Scripts\zone\Isle of Quel%27Danas">
      <UniqueIdentifier>{c85c94b3-c378-4e4a-a196-70d8e951dcac}</UniqueIdentifier>
    </Filter>
    <Filter Include="Scripts\zone\Karazhan">
      <UniqueIdentifier>{bc772ad3-93d7-48fd-bae2-e777d8220575}</UniqueIdentifier>
    </Filter>
    <Filter Include="Scripts\zone\Loch Modan">
      <UniqueIdentifier>{c0bcc3fd-cb4c-4cca-b8f7-e9057248b26a}</UniqueIdentifier>
    </Filter>
    <Filter Include="Scripts\zone\Magister%27s Terrace">
      <UniqueIdentifier>{17917a99-89ad-456b-be53-d56534fb0254}</UniqueIdentifier>
    </Filter>
    <Filter Include="Scripts\zone\Maraudon">
      <UniqueIdentifier>{c4d7ec70-9f74-4a18-84b3-2e0f49acf612}</UniqueIdentifier>
    </Filter>
    <Filter Include="Scripts\zone\Molten Core">
      <UniqueIdentifier>{d1499e44-a138-4cec-b332-304c4d09828d}</UniqueIdentifier>
    </Filter>
    <Filter Include="Scripts\zone\Moonglade">
      <UniqueIdentifier>{b6682e8f-583a-46b8-80a6-63de58282679}</UniqueIdentifier>
    </Filter>
    <Filter Include="Scripts\zone\Mulgore">
      <UniqueIdentifier>{9d21952c-bdbe-4fdc-a40b-fa37700c9fc7}</UniqueIdentifier>
    </Filter>
    <Filter Include="Scripts\zone\Nagrand">
      <UniqueIdentifier>{bb5e74d0-37ae-4b1c-9037-03c953577768}</UniqueIdentifier>
    </Filter>
    <Filter Include="Scripts\zone\Naxxramas">
      <UniqueIdentifier>{0d7d65a9-7932-4ac4-94c0-e0200f5433f2}</UniqueIdentifier>
    </Filter>
    <Filter Include="Scripts\zone\Netherstorm">
      <UniqueIdentifier>{bb5efceb-8594-48c3-8133-359572cba2a1}</UniqueIdentifier>
    </Filter>
    <Filter Include="Scripts\zone\Onyxia%27s Lair">
      <UniqueIdentifier>{9448abb4-de8d-41b8-95c3-3dc42f5bb285}</UniqueIdentifier>
    </Filter>
    <Filter Include="Scripts\zone\Orgrimmar">
      <UniqueIdentifier>{760967f0-0601-42b2-bbfa-cca0a90c8fae}</UniqueIdentifier>
    </Filter>
    <Filter Include="Scripts\zone\Ragefire Chasm">
      <UniqueIdentifier>{bcc64b6c-77c2-402b-9aae-feae8e3b1e8e}</UniqueIdentifier>
    </Filter>
    <Filter Include="Scripts\zone\Razorfen Downs">
      <UniqueIdentifier>{7b32e073-10e7-4258-8768-c2571d1a57be}</UniqueIdentifier>
    </Filter>
    <Filter Include="Scripts\zone\Razorfen Kraul">
      <UniqueIdentifier>{6eeafeab-cbcb-4785-b8bf-8377b2fdb16b}</UniqueIdentifier>
    </Filter>
    <Filter Include="Scripts\zone\Redridge Mountains">
      <UniqueIdentifier>{df742757-e7e6-490f-a54f-bdcd7727f2a0}</UniqueIdentifier>
    </Filter>
    <Filter Include="Scripts\zone\Ruins of Ahn%27Qiraj">
      <UniqueIdentifier>{9c445190-f43e-4c68-8c6b-229dc1f761bb}</UniqueIdentifier>
    </Filter>
    <Filter Include="Scripts\zone\Scarlet Monastery">
      <UniqueIdentifier>{16595071-f211-41c3-aad8-f70eedc61241}</UniqueIdentifier>
    </Filter>
    <Filter Include="Scripts\zone\Scholomance">
      <UniqueIdentifier>{e831a931-43e6-4cdb-b02e-c6ef14d1d5de}</UniqueIdentifier>
    </Filter>
    <Filter Include="Scripts\zone\Searing Gorge">
      <UniqueIdentifier>{5d833bf9-e50f-48e9-80aa-5ec1a76beca8}</UniqueIdentifier>
    </Filter>
    <Filter Include="Scripts\zone\Shadowfang Keep">
      <UniqueIdentifier>{4eaa2057-72d5-4173-b3cd-e83793c302bc}</UniqueIdentifier>
    </Filter>
    <Filter Include="Scripts\zone\Shadowmoon Valley">
      <UniqueIdentifier>{a754ad5e-9960-49c4-a87a-f1ca042b6213}</UniqueIdentifier>
    </Filter>
    <Filter Include="Scripts\zone\Shattrath City">
      <UniqueIdentifier>{ae2050b9-8194-4e01-8660-a74ef638de45}</UniqueIdentifier>
    </Filter>
    <Filter Include="Scripts\zone\Silithus">
      <UniqueIdentifier>{8bfd15e6-e9fd-4336-8122-8d955e8f829d}</UniqueIdentifier>
    </Filter>
    <Filter Include="Scripts\zone\Silvermoon City">
      <UniqueIdentifier>{b1a0ec96-7553-421c-ab2b-2e79c1291384}</UniqueIdentifier>
    </Filter>
    <Filter Include="Scripts\zone\Silverpine Forest">
      <UniqueIdentifier>{dcc41273-c390-4fc3-9eea-2844a63fbb17}</UniqueIdentifier>
    </Filter>
    <Filter Include="Scripts\zone\Stockade">
      <UniqueIdentifier>{33b65eca-e63d-4df4-bc65-9f65042b4698}</UniqueIdentifier>
    </Filter>
    <Filter Include="Scripts\zone\Stonetalon Mountains">
      <UniqueIdentifier>{4c6767a7-28c8-428b-8898-eae1d58284bc}</UniqueIdentifier>
    </Filter>
    <Filter Include="Scripts\zone\Stormwind City">
      <UniqueIdentifier>{403253ea-446a-4798-aa82-5df5a8148a2c}</UniqueIdentifier>
    </Filter>
    <Filter Include="Scripts\zone\Stranglethorn Vale">
      <UniqueIdentifier>{fc30a20e-7b2c-4558-b840-7d95c504e68b}</UniqueIdentifier>
    </Filter>
    <Filter Include="Scripts\zone\Stratholme">
      <UniqueIdentifier>{5be6834b-f9e8-4827-ab2c-463de0f8aacf}</UniqueIdentifier>
    </Filter>
    <Filter Include="Scripts\zone\Sunken Temple">
      <UniqueIdentifier>{20614110-5ac1-496f-87df-77aa9224d2f0}</UniqueIdentifier>
    </Filter>
    <Filter Include="Scripts\zone\Sunwell Plateau">
      <UniqueIdentifier>{03989084-3a06-41aa-860f-7223feae50fc}</UniqueIdentifier>
    </Filter>
    <Filter Include="Scripts\zone\Swamp of Sorrows">
      <UniqueIdentifier>{ac1a3e6e-8808-4569-aac3-5678f9511c5f}</UniqueIdentifier>
    </Filter>
    <Filter Include="Scripts\zone\Tanaris">
      <UniqueIdentifier>{f147b2a3-b191-4624-8a7d-02acde4d5120}</UniqueIdentifier>
    </Filter>
    <Filter Include="Scripts\zone\Teldrassil">
      <UniqueIdentifier>{ed4a5f21-ce1e-4394-a393-89e0bc9716bc}</UniqueIdentifier>
    </Filter>
    <Filter Include="Scripts\zone\Tempest Keep">
      <UniqueIdentifier>{6540748d-f930-4cd9-b186-2086cd257b94}</UniqueIdentifier>
    </Filter>
    <Filter Include="Scripts\zone\Tempest Keep\Arcatraz">
      <UniqueIdentifier>{9a6883ff-62a1-4b65-b317-3f91f3f918d0}</UniqueIdentifier>
    </Filter>
    <Filter Include="Scripts\zone\Tempest Keep\Botanica">
      <UniqueIdentifier>{cfbb5601-ee2c-433c-a51d-ecc1112a6eaa}</UniqueIdentifier>
    </Filter>
    <Filter Include="Scripts\zone\Tempest Keep\The Eye">
      <UniqueIdentifier>{be21f801-47bd-4a95-9b22-2f8e428e867b}</UniqueIdentifier>
    </Filter>
    <Filter Include="Scripts\zone\Tempest Keep\The Mechanar">
      <UniqueIdentifier>{02b76f11-9325-4b3a-843e-096189ee74e5}</UniqueIdentifier>
    </Filter>
    <Filter Include="Scripts\zone\Temple of Ahn%27Qiraj">
      <UniqueIdentifier>{ad4cb943-1f15-4c36-ac63-bb2ad01ded28}</UniqueIdentifier>
    </Filter>
    <Filter Include="Scripts\zone\Terokkar Forest">
      <UniqueIdentifier>{b5f243f0-8bbb-4b35-b953-a7f2063e2216}</UniqueIdentifier>
    </Filter>
    <Filter Include="Scripts\zone\Thousand Needles">
      <UniqueIdentifier>{9e0e217d-b6a2-44fa-a21c-5de15254e232}</UniqueIdentifier>
    </Filter>
    <Filter Include="Scripts\zone\Thunder Bluff">
      <UniqueIdentifier>{299d1265-8296-42a0-9615-1df98a306de9}</UniqueIdentifier>
    </Filter>
    <Filter Include="Scripts\zone\Tirisfal Glades">
      <UniqueIdentifier>{85476efa-871b-46e7-9fcf-1c73bb87ffad}</UniqueIdentifier>
    </Filter>
    <Filter Include="Scripts\zone\Uldaman">
      <UniqueIdentifier>{11d86ded-7995-49a5-ba82-9ffc3b48720b}</UniqueIdentifier>
    </Filter>
    <Filter Include="Scripts\zone\Un%27Goro Crater">
      <UniqueIdentifier>{61759a8f-e4ea-4528-aa68-0711719ef9c4}</UniqueIdentifier>
    </Filter>
    <Filter Include="Scripts\zone\Undercity">
      <UniqueIdentifier>{793a65f1-e3f7-4e2a-8d8a-6ce159067af2}</UniqueIdentifier>
    </Filter>
    <Filter Include="Scripts\zone\Wailing Caverns">
      <UniqueIdentifier>{e6792bf3-7ef8-4b0d-bb60-52d4f2cdce9d}</UniqueIdentifier>
    </Filter>
    <Filter Include="Scripts\zone\Western Plaguelands">
      <UniqueIdentifier>{cf48e38e-2d81-49f7-b71b-fc7b22bc5bd9}</UniqueIdentifier>
    </Filter>
    <Filter Include="Scripts\zone\Westfall">
      <UniqueIdentifier>{87b8eb4c-c21f-4827-ae89-6e7e3fd3f68b}</UniqueIdentifier>
    </Filter>
    <Filter Include="Scripts\zone\Wetlands">
      <UniqueIdentifier>{359ba94f-ff09-45e6-823a-f59dbfff2232}</UniqueIdentifier>
    </Filter>
    <Filter Include="Scripts\zone\Winterspring">
      <UniqueIdentifier>{6ced9cae-336e-4cda-8732-5de40897fcfd}</UniqueIdentifier>
    </Filter>
    <Filter Include="Scripts\zone\Zangarmarsh">
      <UniqueIdentifier>{0e304fe3-89cc-4beb-8cb1-cfc523ac979d}</UniqueIdentifier>
    </Filter>
    <Filter Include="Scripts\zone\Zul%27Aman">
      <UniqueIdentifier>{700c932a-901a-42be-83b4-8290dc2917ba}</UniqueIdentifier>
    </Filter>
    <Filter Include="Scripts\zone\Zul%27Farrak">
      <UniqueIdentifier>{cc34936b-cb7a-4d83-96bb-1194cb117540}</UniqueIdentifier>
    </Filter>
    <Filter Include="Scripts\zone\Zul%27Gurub">
      <UniqueIdentifier>{15c8a636-9fc7-437e-b844-99c4d40626a5}</UniqueIdentifier>
    </Filter>
    <Filter Include="System">
      <UniqueIdentifier>{5c24142d-df01-40f9-a3ec-5a6f8d571b5f}</UniqueIdentifier>
    </Filter>
  </ItemGroup>
  <ItemGroup>
    <ClCompile Include="..\include\precompiled.cpp">
      <Filter>Include</Filter>
    </ClCompile>
    <ClCompile Include="..\include\sc_creature.cpp">
      <Filter>Include</Filter>
    </ClCompile>
    <ClCompile Include="..\ScriptMgr.cpp" />
    <ClCompile Include="..\scripts\areatrigger\areatrigger_scripts.cpp">
      <Filter>Scripts\areatrigger</Filter>
    </ClCompile>
    <ClCompile Include="..\scripts\boss\boss_emeriss.cpp">
      <Filter>Scripts\boss</Filter>
    </ClCompile>
    <ClCompile Include="..\scripts\boss\boss_lethon.cpp">
      <Filter>Scripts\boss</Filter>
    </ClCompile>
    <ClCompile Include="..\scripts\boss\boss_taerar.cpp">
      <Filter>Scripts\boss</Filter>
    </ClCompile>
    <ClCompile Include="..\scripts\boss\boss_ysondre.cpp">
      <Filter>Scripts\boss</Filter>
    </ClCompile>
    <ClCompile Include="..\scripts\creature\mob_generic_creature.cpp">
      <Filter>Scripts\creature</Filter>
    </ClCompile>
    <ClCompile Include="..\scripts\creature\simple_ai.cpp">
      <Filter>Scripts\creature</Filter>
    </ClCompile>
    <ClCompile Include="..\scripts\custom\custom_example.cpp">
      <Filter>Scripts\custom</Filter>
    </ClCompile>
    <ClCompile Include="..\scripts\custom\custom_gossip_codebox.cpp">
      <Filter>Scripts\custom</Filter>
    </ClCompile>
    <ClCompile Include="..\scripts\custom\test.cpp">
      <Filter>Scripts\custom</Filter>
    </ClCompile>
    <ClCompile Include="..\scripts\go\go_scripts.cpp">
      <Filter>Scripts\go</Filter>
    </ClCompile>
    <ClCompile Include="..\scripts\guard\guards.cpp">
      <Filter>Scripts\guard</Filter>
    </ClCompile>
    <ClCompile Include="..\scripts\guard\guard_ai.cpp">
      <Filter>Scripts\guard</Filter>
    </ClCompile>
    <ClCompile Include="..\scripts\item\item_scripts.cpp">
      <Filter>Scripts\item</Filter>
    </ClCompile>
    <ClCompile Include="..\scripts\item\item_test.cpp">
      <Filter>Scripts\item</Filter>
    </ClCompile>
    <ClCompile Include="..\scripts\npc\escort_ai.cpp">
      <Filter>Scripts\npc</Filter>
    </ClCompile>
    <ClCompile Include="..\scripts\npc\npcs_special.cpp">
      <Filter>Scripts\npc</Filter>
    </ClCompile>
    <ClCompile Include="..\scripts\npc\npc_innkeeper.cpp">
      <Filter>Scripts\npc</Filter>
    </ClCompile>
    <ClCompile Include="..\scripts\npc\npc_professions.cpp">
      <Filter>Scripts\npc</Filter>
    </ClCompile>
    <ClCompile Include="..\scripts\zone\alterac_mountains\alterac_mountains.cpp">
      <Filter>Scripts\zone\Alterac Mountains</Filter>
    </ClCompile>
    <ClCompile Include="..\scripts\zone\arathi_highlands\arathi_highlands.cpp">
      <Filter>Scripts\zone\Arathi Highlands</Filter>
    </ClCompile>
    <ClCompile Include="..\scripts\zone\ashenvale_forest\ashenvale.cpp">
      <Filter>Scripts\zone\Ashenvale Forest</Filter>
    </ClCompile>
    <ClCompile Include="..\scripts\zone\aunchindoun\auchenai_crypts\boss_exarch_maladaar.cpp">
      <Filter>Scripts\zone\Aunchindoun\Auchenai Crypts</Filter>
    </ClCompile>
    <ClCompile Include="..\scripts\zone\aunchindoun\auchenai_crypts\boss_shirrak_the_dead_watcher.cpp">
      <Filter>Scripts\zone\Aunchindoun\Auchenai Crypts</Filter>
    </ClCompile>
    <ClCompile Include="..\scripts\zone\aunchindoun\mana_tombs\boss_nexusprince_shaffar.cpp">
      <Filter>Scripts\zone\Aunchindoun\Mana Tombs</Filter>
    </ClCompile>
    <ClCompile Include="..\scripts\zone\aunchindoun\mana_tombs\boss_pandemonius.cpp">
      <Filter>Scripts\zone\Aunchindoun\Mana Tombs</Filter>
    </ClCompile>
    <ClCompile Include="..\scripts\zone\aunchindoun\sethekk_halls\boss_darkweaver_syth.cpp">
      <Filter>Scripts\zone\Aunchindoun\Sethekk Halls</Filter>
    </ClCompile>
    <ClCompile Include="..\scripts\zone\aunchindoun\sethekk_halls\boss_tailonking_ikiss.cpp">
      <Filter>Scripts\zone\Aunchindoun\Sethekk Halls</Filter>
    </ClCompile>
    <ClCompile Include="..\scripts\zone\aunchindoun\sethekk_halls\instance_sethekk_halls.cpp">
      <Filter>Scripts\zone\Aunchindoun\Sethekk Halls</Filter>
    </ClCompile>
    <ClCompile Include="..\scripts\zone\aunchindoun\shadow_labyrinth\boss_ambassador_hellmaw.cpp">
      <Filter>Scripts\zone\Aunchindoun\Shadow Labyrinth</Filter>
    </ClCompile>
    <ClCompile Include="..\scripts\zone\aunchindoun\shadow_labyrinth\boss_blackheart_the_inciter.cpp">
      <Filter>Scripts\zone\Aunchindoun\Shadow Labyrinth</Filter>
    </ClCompile>
    <ClCompile Include="..\scripts\zone\aunchindoun\shadow_labyrinth\boss_grandmaster_vorpil.cpp">
      <Filter>Scripts\zone\Aunchindoun\Shadow Labyrinth</Filter>
    </ClCompile>
    <ClCompile Include="..\scripts\zone\aunchindoun\shadow_labyrinth\boss_murmur.cpp">
      <Filter>Scripts\zone\Aunchindoun\Shadow Labyrinth</Filter>
    </ClCompile>
    <ClCompile Include="..\scripts\zone\aunchindoun\shadow_labyrinth\instance_shadow_labyrinth.cpp">
      <Filter>Scripts\zone\Aunchindoun\Shadow Labyrinth</Filter>
    </ClCompile>
    <ClCompile Include="..\scripts\zone\azshara\azshara.cpp">
      <Filter>Scripts\zone\Azshara</Filter>
    </ClCompile>
    <ClCompile Include="..\scripts\zone\azshara\boss_azuregos.cpp">
      <Filter>Scripts\zone\Azshara</Filter>
    </ClCompile>
    <ClCompile Include="..\scripts\zone\azuremyst_isle\azuremyst_isle.cpp">
      <Filter>Scripts\zone\Azuremyst Isle</Filter>
    </ClCompile>
    <ClCompile Include="..\scripts\zone\barrens\the_barrens.cpp">
      <Filter>Scripts\zone\Barrens</Filter>
    </ClCompile>
    <ClCompile Include="..\scripts\zone\blackfathom_deeps\blackfathom_deeps.cpp">
      <Filter>Scripts\zone\Blackfathom Deeps</Filter>
    </ClCompile>
    <ClCompile Include="..\scripts\zone\blackfathom_deeps\instance_blackfathom_deeps.cpp">
      <Filter>Scripts\zone\Blackfathom Deeps</Filter>
    </ClCompile>
    <ClCompile Include="..\scripts\zone\blackrock_depths\blackrock_depths.cpp">
      <Filter>Scripts\zone\Blackrock Depths</Filter>
    </ClCompile>
    <ClCompile Include="..\scripts\zone\blackrock_depths\boss_ambassador_flamelash.cpp">
      <Filter>Scripts\zone\Blackrock Depths</Filter>
    </ClCompile>
    <ClCompile Include="..\scripts\zone\blackrock_depths\boss_anubshiah.cpp">
      <Filter>Scripts\zone\Blackrock Depths</Filter>
    </ClCompile>
    <ClCompile Include="..\scripts\zone\blackrock_depths\boss_emperor_dagran_thaurissan.cpp">
      <Filter>Scripts\zone\Blackrock Depths</Filter>
    </ClCompile>
    <ClCompile Include="..\scripts\zone\blackrock_depths\boss_general_angerforge.cpp">
      <Filter>Scripts\zone\Blackrock Depths</Filter>
    </ClCompile>
    <ClCompile Include="..\scripts\zone\blackrock_depths\boss_gorosh_the_dervish.cpp">
      <Filter>Scripts\zone\Blackrock Depths</Filter>
    </ClCompile>
    <ClCompile Include="..\scripts\zone\blackrock_depths\boss_grizzle.cpp">
      <Filter>Scripts\zone\Blackrock Depths</Filter>
    </ClCompile>
    <ClCompile Include="..\scripts\zone\blackrock_depths\boss_high_interrogator_gerstahn.cpp">
      <Filter>Scripts\zone\Blackrock Depths</Filter>
    </ClCompile>
    <ClCompile Include="..\scripts\zone\blackrock_depths\boss_magmus.cpp">
      <Filter>Scripts\zone\Blackrock Depths</Filter>
    </ClCompile>
    <ClCompile Include="..\scripts\zone\blackrock_depths\boss_moira_bronzebeard.cpp">
      <Filter>Scripts\zone\Blackrock Depths</Filter>
    </ClCompile>
    <ClCompile Include="..\scripts\zone\blackrock_depths\boss_tomb_of_seven.cpp">
      <Filter>Scripts\zone\Blackrock Depths</Filter>
    </ClCompile>
    <ClCompile Include="..\scripts\zone\blackrock_depths\instance_blackrock_depths.cpp">
      <Filter>Scripts\zone\Blackrock Depths</Filter>
    </ClCompile>
    <ClCompile Include="..\scripts\zone\blackrock_spire\boss_drakkisath.cpp">
      <Filter>Scripts\zone\Blackrock Spire</Filter>
    </ClCompile>
    <ClCompile Include="..\scripts\zone\blackrock_spire\boss_gyth.cpp">
      <Filter>Scripts\zone\Blackrock Spire</Filter>
    </ClCompile>
    <ClCompile Include="..\scripts\zone\blackrock_spire\boss_halycon.cpp">
      <Filter>Scripts\zone\Blackrock Spire</Filter>
    </ClCompile>
    <ClCompile Include="..\scripts\zone\blackrock_spire\boss_highlord_omokk.cpp">
      <Filter>Scripts\zone\Blackrock Spire</Filter>
    </ClCompile>
    <ClCompile Include="..\scripts\zone\blackrock_spire\boss_mother_smolderweb.cpp">
      <Filter>Scripts\zone\Blackrock Spire</Filter>
    </ClCompile>
    <ClCompile Include="..\scripts\zone\blackrock_spire\boss_overlord_wyrmthalak.cpp">
      <Filter>Scripts\zone\Blackrock Spire</Filter>
    </ClCompile>
    <ClCompile Include="..\scripts\zone\blackrock_spire\boss_pyroguard_emberseer.cpp">
      <Filter>Scripts\zone\Blackrock Spire</Filter>
    </ClCompile>
    <ClCompile Include="..\scripts\zone\blackrock_spire\boss_quartermaster_zigris.cpp">
      <Filter>Scripts\zone\Blackrock Spire</Filter>
    </ClCompile>
    <ClCompile Include="..\scripts\zone\blackrock_spire\boss_rend_blackhand.cpp">
      <Filter>Scripts\zone\Blackrock Spire</Filter>
    </ClCompile>
    <ClCompile Include="..\scripts\zone\blackrock_spire\boss_shadow_hunter_voshgajin.cpp">
      <Filter>Scripts\zone\Blackrock Spire</Filter>
    </ClCompile>
    <ClCompile Include="..\scripts\zone\blackrock_spire\boss_the_beast.cpp">
      <Filter>Scripts\zone\Blackrock Spire</Filter>
    </ClCompile>
    <ClCompile Include="..\scripts\zone\blackrock_spire\boss_warmaster_voone.cpp">
      <Filter>Scripts\zone\Blackrock Spire</Filter>
    </ClCompile>
    <ClCompile Include="..\scripts\zone\blackwing_lair\boss_broodlord_lashlayer.cpp">
      <Filter>Scripts\zone\Blackwing Lair</Filter>
    </ClCompile>
    <ClCompile Include="..\scripts\zone\blackwing_lair\boss_chromaggus.cpp">
      <Filter>Scripts\zone\Blackwing Lair</Filter>
    </ClCompile>
    <ClCompile Include="..\scripts\zone\blackwing_lair\boss_ebonroc.cpp">
      <Filter>Scripts\zone\Blackwing Lair</Filter>
    </ClCompile>
    <ClCompile Include="..\scripts\zone\blackwing_lair\boss_firemaw.cpp">
      <Filter>Scripts\zone\Blackwing Lair</Filter>
    </ClCompile>
    <ClCompile Include="..\scripts\zone\blackwing_lair\boss_flamegor.cpp">
      <Filter>Scripts\zone\Blackwing Lair</Filter>
    </ClCompile>
    <ClCompile Include="..\scripts\zone\blackwing_lair\boss_nefarian.cpp">
      <Filter>Scripts\zone\Blackwing Lair</Filter>
    </ClCompile>
    <ClCompile Include="..\scripts\zone\blackwing_lair\boss_razorgore.cpp">
      <Filter>Scripts\zone\Blackwing Lair</Filter>
    </ClCompile>
    <ClCompile Include="..\scripts\zone\blackwing_lair\boss_vaelastrasz.cpp">
      <Filter>Scripts\zone\Blackwing Lair</Filter>
    </ClCompile>
    <ClCompile Include="..\scripts\zone\blackwing_lair\boss_victor_nefarius.cpp">
      <Filter>Scripts\zone\Blackwing Lair</Filter>
    </ClCompile>
    <ClCompile Include="..\scripts\zone\blackwing_lair\instance_blackwing_lair.cpp">
      <Filter>Scripts\zone\Blackwing Lair</Filter>
    </ClCompile>
    <ClCompile Include="..\scripts\zone\black_temple\black_temple.cpp">
      <Filter>Scripts\zone\Black Temple</Filter>
    </ClCompile>
    <ClCompile Include="..\scripts\zone\black_temple\boss_bloodboil.cpp">
      <Filter>Scripts\zone\Black Temple</Filter>
    </ClCompile>
    <ClCompile Include="..\scripts\zone\black_temple\boss_illidan.cpp">
      <Filter>Scripts\zone\Black Temple</Filter>
    </ClCompile>
    <ClCompile Include="..\scripts\zone\black_temple\boss_mother_shahraz.cpp">
      <Filter>Scripts\zone\Black Temple</Filter>
    </ClCompile>
    <ClCompile Include="..\scripts\zone\black_temple\boss_reliquary_of_souls.cpp">
      <Filter>Scripts\zone\Black Temple</Filter>
    </ClCompile>
    <ClCompile Include="..\scripts\zone\black_temple\boss_shade_of_akama.cpp">
      <Filter>Scripts\zone\Black Temple</Filter>
    </ClCompile>
    <ClCompile Include="..\scripts\zone\black_temple\boss_supremus.cpp">
      <Filter>Scripts\zone\Black Temple</Filter>
    </ClCompile>
    <ClCompile Include="..\scripts\zone\black_temple\boss_teron_gorefiend.cpp">
      <Filter>Scripts\zone\Black Temple</Filter>
    </ClCompile>
    <ClCompile Include="..\scripts\zone\black_temple\boss_warlord_najentus.cpp">
      <Filter>Scripts\zone\Black Temple</Filter>
    </ClCompile>
    <ClCompile Include="..\scripts\zone\black_temple\illidari_council.cpp">
      <Filter>Scripts\zone\Black Temple</Filter>
    </ClCompile>
    <ClCompile Include="..\scripts\zone\black_temple\instance_black_temple.cpp">
      <Filter>Scripts\zone\Black Temple</Filter>
    </ClCompile>
    <ClCompile Include="..\scripts\zone\blades_edge_mountains\blades_edge_mountains.cpp">
      <Filter>Scripts\zone\Blade%27s Edge Mountains</Filter>
    </ClCompile>
    <ClCompile Include="..\scripts\zone\blasted_lands\blasted_lands.cpp">
      <Filter>Scripts\zone\Blasted Lands</Filter>
    </ClCompile>
    <ClCompile Include="..\scripts\zone\blasted_lands\boss_kruul.cpp">
      <Filter>Scripts\zone\Blasted Lands</Filter>
    </ClCompile>
    <ClCompile Include="..\scripts\zone\bloodmyst_isle\bloodmyst_isle.cpp">
      <Filter>Scripts\zone\Bloodmyst Isle</Filter>
    </ClCompile>
    <ClCompile Include="..\scripts\zone\burning_steppes\burning_steppes.cpp">
      <Filter>Scripts\zone\Burning Steppes</Filter>
    </ClCompile>
    <ClCompile Include="..\scripts\zone\caverns_of_time\dark_portal\boss_aeonus.cpp">
      <Filter>Scripts\zone\Caverns of Time\The Dark Portal</Filter>
    </ClCompile>
    <ClCompile Include="..\scripts\zone\caverns_of_time\dark_portal\boss_chrono_lord_deja.cpp">
      <Filter>Scripts\zone\Caverns of Time\The Dark Portal</Filter>
    </ClCompile>
    <ClCompile Include="..\scripts\zone\caverns_of_time\dark_portal\boss_temporus.cpp">
      <Filter>Scripts\zone\Caverns of Time\The Dark Portal</Filter>
    </ClCompile>
    <ClCompile Include="..\scripts\zone\caverns_of_time\dark_portal\dark_portal.cpp">
      <Filter>Scripts\zone\Caverns of Time\The Dark Portal</Filter>
    </ClCompile>
    <ClCompile Include="..\scripts\zone\caverns_of_time\dark_portal\instance_dark_portal.cpp">
      <Filter>Scripts\zone\Caverns of Time\The Dark Portal</Filter>
    </ClCompile>
    <ClCompile Include="..\scripts\zone\caverns_of_time\hyjal\boss_anetheron.cpp">
      <Filter>Scripts\zone\Caverns of Time\Battle for Mt. Hyjal</Filter>
    </ClCompile>
    <ClCompile Include="..\scripts\zone\caverns_of_time\hyjal\boss_archimonde.cpp">
      <Filter>Scripts\zone\Caverns of Time\Battle for Mt. Hyjal</Filter>
    </ClCompile>
    <ClCompile Include="..\scripts\zone\caverns_of_time\hyjal\boss_azgalor.cpp">
      <Filter>Scripts\zone\Caverns of Time\Battle for Mt. Hyjal</Filter>
    </ClCompile>
    <ClCompile Include="..\scripts\zone\caverns_of_time\hyjal\boss_kazrogal.cpp">
      <Filter>Scripts\zone\Caverns of Time\Battle for Mt. Hyjal</Filter>
    </ClCompile>
    <ClCompile Include="..\scripts\zone\caverns_of_time\hyjal\boss_rage_winterchill.cpp">
      <Filter>Scripts\zone\Caverns of Time\Battle for Mt. Hyjal</Filter>
    </ClCompile>
    <ClCompile Include="..\scripts\zone\caverns_of_time\hyjal\hyjal.cpp">
      <Filter>Scripts\zone\Caverns of Time\Battle for Mt. Hyjal</Filter>
    </ClCompile>
    <ClCompile Include="..\scripts\zone\caverns_of_time\hyjal\hyjalAI.cpp">
      <Filter>Scripts\zone\Caverns of Time\Battle for Mt. Hyjal</Filter>
    </ClCompile>
    <ClCompile Include="..\scripts\zone\caverns_of_time\hyjal\hyjal_trash.cpp">
      <Filter>Scripts\zone\Caverns of Time\Battle for Mt. Hyjal</Filter>
    </ClCompile>
    <ClCompile Include="..\scripts\zone\caverns_of_time\hyjal\instance_hyjal.cpp">
      <Filter>Scripts\zone\Caverns of Time\Battle for Mt. Hyjal</Filter>
    </ClCompile>
    <ClCompile Include="..\scripts\zone\caverns_of_time\old_hillsbrad\boss_captain_skarloc.cpp">
      <Filter>Scripts\zone\Caverns of Time\Old Hillsbrad</Filter>
    </ClCompile>
    <ClCompile Include="..\scripts\zone\caverns_of_time\old_hillsbrad\boss_epoch_hunter.cpp">
      <Filter>Scripts\zone\Caverns of Time\Old Hillsbrad</Filter>
    </ClCompile>
    <ClCompile Include="..\scripts\zone\caverns_of_time\old_hillsbrad\boss_leutenant_drake.cpp">
      <Filter>Scripts\zone\Caverns of Time\Old Hillsbrad</Filter>
    </ClCompile>
    <ClCompile Include="..\scripts\zone\caverns_of_time\old_hillsbrad\instance_old_hillsbrad.cpp">
      <Filter>Scripts\zone\Caverns of Time\Old Hillsbrad</Filter>
    </ClCompile>
    <ClCompile Include="..\scripts\zone\caverns_of_time\old_hillsbrad\old_hillsbrad.cpp">
      <Filter>Scripts\zone\Caverns of Time\Old Hillsbrad</Filter>
    </ClCompile>
    <ClCompile Include="..\scripts\zone\coilfang_resevoir\serpent_shrine\boss_fathomlord_karathress.cpp">
      <Filter>Scripts\zone\Coilfang Resevoir\Serpent Shrine Cavern</Filter>
    </ClCompile>
    <ClCompile Include="..\scripts\zone\coilfang_resevoir\serpent_shrine\boss_hydross_the_unstable.cpp">
      <Filter>Scripts\zone\Coilfang Resevoir\Serpent Shrine Cavern</Filter>
    </ClCompile>
    <ClCompile Include="..\scripts\zone\coilfang_resevoir\serpent_shrine\boss_lady_vashj.cpp">
      <Filter>Scripts\zone\Coilfang Resevoir\Serpent Shrine Cavern</Filter>
    </ClCompile>
    <ClCompile Include="..\scripts\zone\coilfang_resevoir\serpent_shrine\boss_leotheras_the_blind.cpp">
      <Filter>Scripts\zone\Coilfang Resevoir\Serpent Shrine Cavern</Filter>
    </ClCompile>
    <ClCompile Include="..\scripts\zone\coilfang_resevoir\serpent_shrine\boss_lurker_below.cpp">
      <Filter>Scripts\zone\Coilfang Resevoir\Serpent Shrine Cavern</Filter>
    </ClCompile>
    <ClCompile Include="..\scripts\zone\coilfang_resevoir\serpent_shrine\boss_morogrim_tidewalker.cpp">
      <Filter>Scripts\zone\Coilfang Resevoir\Serpent Shrine Cavern</Filter>
    </ClCompile>
    <ClCompile Include="..\scripts\zone\coilfang_resevoir\serpent_shrine\instance_serpent_shrine.cpp">
      <Filter>Scripts\zone\Coilfang Resevoir\Serpent Shrine Cavern</Filter>
    </ClCompile>
    <ClCompile Include="..\scripts\zone\coilfang_resevoir\steam_vault\boss_hydromancer_thespia.cpp">
      <Filter>Scripts\zone\Coilfang Resevoir\Steam Vault</Filter>
    </ClCompile>
    <ClCompile Include="..\scripts\zone\coilfang_resevoir\steam_vault\boss_mekgineer_steamrigger.cpp">
      <Filter>Scripts\zone\Coilfang Resevoir\Steam Vault</Filter>
    </ClCompile>
    <ClCompile Include="..\scripts\zone\coilfang_resevoir\steam_vault\boss_warlord_kalithresh.cpp">
      <Filter>Scripts\zone\Coilfang Resevoir\Steam Vault</Filter>
    </ClCompile>
    <ClCompile Include="..\scripts\zone\coilfang_resevoir\steam_vault\instance_steam_vault.cpp">
      <Filter>Scripts\zone\Coilfang Resevoir\Steam Vault</Filter>
    </ClCompile>
    <ClCompile Include="..\scripts\zone\coilfang_resevoir\underbog\boss_hungarfen.cpp">
      <Filter>Scripts\zone\Coilfang Resevoir\Underbog</Filter>
    </ClCompile>
    <ClCompile Include="..\scripts\zone\coilfang_resevoir\underbog\boss_the_black_stalker.cpp">
      <Filter>Scripts\zone\Coilfang Resevoir\Underbog</Filter>
    </ClCompile>
    <ClCompile Include="..\scripts\zone\darkshore\darkshore.cpp">
      <Filter>Scripts\zone\Darkshore</Filter>
    </ClCompile>
    <ClCompile Include="..\scripts\zone\deadmines\deadmines.cpp">
      <Filter>Scripts\zone\Deadmines</Filter>
    </ClCompile>
    <ClCompile Include="..\scripts\zone\dun_morogh\dun_morogh.cpp">
      <Filter>Scripts\zone\Dun Morogh</Filter>
    </ClCompile>
    <ClCompile Include="..\scripts\zone\dustwallow_marsh\dustwallow_marsh.cpp">
      <Filter>Scripts\zone\Dustwallow Marsh</Filter>
    </ClCompile>
    <ClCompile Include="..\scripts\zone\eastern_plaguelands\eastern_plaguelands.cpp">
      <Filter>Scripts\zone\Eastern Plaguelands</Filter>
    </ClCompile>
    <ClCompile Include="..\scripts\zone\elwynn_forest\elwynn_forest.cpp">
      <Filter>Scripts\zone\Elwynn Forest</Filter>
    </ClCompile>
    <ClCompile Include="..\scripts\zone\eversong_woods\eversong_woods.cpp">
      <Filter>Scripts\zone\Eversong Woods</Filter>
    </ClCompile>
    <ClCompile Include="..\scripts\zone\felwood\felwood.cpp">
      <Filter>Scripts\zone\Felwood</Filter>
    </ClCompile>
    <ClCompile Include="..\scripts\zone\feralas\feralas.cpp">
      <Filter>Scripts\zone\Feralas</Filter>
    </ClCompile>
    <ClCompile Include="..\scripts\zone\ghostlands\ghostlands.cpp">
      <Filter>Scripts\zone\Ghostlands</Filter>
    </ClCompile>
    <ClCompile Include="..\scripts\zone\gruuls_lair\boss_gruul.cpp">
      <Filter>Scripts\zone\Gruul%27s Lair</Filter>
    </ClCompile>
    <ClCompile Include="..\scripts\zone\gruuls_lair\boss_high_king_maulgar.cpp">
      <Filter>Scripts\zone\Gruul%27s Lair</Filter>
    </ClCompile>
    <ClCompile Include="..\scripts\zone\gruuls_lair\instance_gruuls_lair.cpp">
      <Filter>Scripts\zone\Gruul%27s Lair</Filter>
    </ClCompile>
    <ClCompile Include="..\scripts\zone\hellfire_citadel\blood_furnace\boss_broggok.cpp">
      <Filter>Scripts\zone\Hellfire Citadel\Blood Furnace</Filter>
    </ClCompile>
    <ClCompile Include="..\scripts\zone\hellfire_citadel\blood_furnace\boss_kelidan_the_breaker.cpp">
      <Filter>Scripts\zone\Hellfire Citadel\Blood Furnace</Filter>
    </ClCompile>
    <ClCompile Include="..\scripts\zone\hellfire_citadel\blood_furnace\boss_the_maker.cpp">
      <Filter>Scripts\zone\Hellfire Citadel\Blood Furnace</Filter>
    </ClCompile>
    <ClCompile Include="..\scripts\zone\hellfire_citadel\blood_furnace\instance_blood_furnace.cpp">
      <Filter>Scripts\zone\Hellfire Citadel\Blood Furnace</Filter>
    </ClCompile>
    <ClCompile Include="..\scripts\zone\hellfire_citadel\hellfire_ramparts\boss_omor_the_unscarred.cpp">
      <Filter>Scripts\zone\Hellfire Citadel\Hellfire Ramparts</Filter>
    </ClCompile>
    <ClCompile Include="..\scripts\zone\hellfire_citadel\hellfire_ramparts\boss_vazruden_the_herald.cpp">
      <Filter>Scripts\zone\Hellfire Citadel\Hellfire Ramparts</Filter>
    </ClCompile>
    <ClCompile Include="..\scripts\zone\hellfire_citadel\hellfire_ramparts\boss_watchkeeper_gargolmar.cpp">
      <Filter>Scripts\zone\Hellfire Citadel\Hellfire Ramparts</Filter>
    </ClCompile>
    <ClCompile Include="..\scripts\zone\hellfire_citadel\magtheridons_lair\boss_magtheridon.cpp">
      <Filter>Scripts\zone\Hellfire Citadel\Magtheridon%27s lair</Filter>
    </ClCompile>
    <ClCompile Include="..\scripts\zone\hellfire_citadel\magtheridons_lair\instance_magtheridons_lair.cpp">
      <Filter>Scripts\zone\Hellfire Citadel\Magtheridon%27s lair</Filter>
    </ClCompile>
    <ClCompile Include="..\scripts\zone\hellfire_citadel\shattered_halls\boss_nethekurse.cpp">
      <Filter>Scripts\zone\Hellfire Citadel\Shattered Halls</Filter>
    </ClCompile>
    <ClCompile Include="..\scripts\zone\hellfire_citadel\shattered_halls\boss_warbringer_omrogg.cpp">
      <Filter>Scripts\zone\Hellfire Citadel\Shattered Halls</Filter>
    </ClCompile>
    <ClCompile Include="..\scripts\zone\hellfire_citadel\shattered_halls\boss_warchief_kargath_bladefist.cpp">
      <Filter>Scripts\zone\Hellfire Citadel\Shattered Halls</Filter>
    </ClCompile>
    <ClCompile Include="..\scripts\zone\hellfire_citadel\shattered_halls\instance_shattered_halls.cpp">
      <Filter>Scripts\zone\Hellfire Citadel\Shattered Halls</Filter>
    </ClCompile>
    <ClCompile Include="..\scripts\zone\hellfire_peninsula\boss_doomlord_kazzak.cpp">
      <Filter>Scripts\zone\Hellfire Peninsula</Filter>
    </ClCompile>
    <ClCompile Include="..\scripts\zone\hellfire_peninsula\hellfire_peninsula.cpp">
      <Filter>Scripts\zone\Hellfire Peninsula</Filter>
    </ClCompile>
    <ClCompile Include="..\scripts\zone\ironforge\ironforge.cpp">
      <Filter>Scripts\zone\Iron Forge</Filter>
    </ClCompile>
    <ClCompile Include="..\scripts\zone\isle_of_queldanas\isle_of_queldanas.cpp">
      <Filter>Scripts\zone\Isle of Quel%27Danas</Filter>
    </ClCompile>
    <ClCompile Include="..\scripts\zone\karazhan\bosses_opera.cpp">
      <Filter>Scripts\zone\Karazhan</Filter>
    </ClCompile>
    <ClCompile Include="..\scripts\zone\karazhan\boss_curator.cpp">
      <Filter>Scripts\zone\Karazhan</Filter>
    </ClCompile>
    <ClCompile Include="..\scripts\zone\karazhan\boss_maiden_of_virtue.cpp">
      <Filter>Scripts\zone\Karazhan</Filter>
    </ClCompile>
    <ClCompile Include="..\scripts\zone\karazhan\boss_midnight.cpp">
      <Filter>Scripts\zone\Karazhan</Filter>
    </ClCompile>
    <ClCompile Include="..\scripts\zone\karazhan\boss_moroes.cpp">
      <Filter>Scripts\zone\Karazhan</Filter>
    </ClCompile>
    <ClCompile Include="..\scripts\zone\karazhan\boss_netherspite.cpp">
      <Filter>Scripts\zone\Karazhan</Filter>
    </ClCompile>
    <ClCompile Include="..\scripts\zone\karazhan\boss_nightbane.cpp">
      <Filter>Scripts\zone\Karazhan</Filter>
    </ClCompile>
    <ClCompile Include="..\scripts\zone\karazhan\boss_prince_malchezaar.cpp">
      <Filter>Scripts\zone\Karazhan</Filter>
    </ClCompile>
    <ClCompile Include="..\scripts\zone\karazhan\boss_shade_of_aran.cpp">
      <Filter>Scripts\zone\Karazhan</Filter>
    </ClCompile>
    <ClCompile Include="..\scripts\zone\karazhan\boss_terestian_illhoof.cpp">
      <Filter>Scripts\zone\Karazhan</Filter>
    </ClCompile>
    <ClCompile Include="..\scripts\zone\karazhan\instance_karazhan.cpp">
      <Filter>Scripts\zone\Karazhan</Filter>
    </ClCompile>
    <ClCompile Include="..\scripts\zone\karazhan\karazhan.cpp">
      <Filter>Scripts\zone\Karazhan</Filter>
    </ClCompile>
    <ClCompile Include="..\scripts\zone\loch_modan\loch_modan.cpp">
      <Filter>Scripts\zone\Loch Modan</Filter>
    </ClCompile>
    <ClCompile Include="..\scripts\zone\magisters_terrace\boss_felblood_kaelthas.cpp">
      <Filter>Scripts\zone\Magister%27s Terrace</Filter>
    </ClCompile>
    <ClCompile Include="..\scripts\zone\magisters_terrace\boss_priestess_delrissa.cpp">
      <Filter>Scripts\zone\Magister%27s Terrace</Filter>
    </ClCompile>
    <ClCompile Include="..\scripts\zone\magisters_terrace\boss_selin_fireheart.cpp">
      <Filter>Scripts\zone\Magister%27s Terrace</Filter>
    </ClCompile>
    <ClCompile Include="..\scripts\zone\magisters_terrace\boss_vexallus.cpp">
      <Filter>Scripts\zone\Magister%27s Terrace</Filter>
    </ClCompile>
    <ClCompile Include="..\scripts\zone\magisters_terrace\instance_magisters_terrace.cpp">
      <Filter>Scripts\zone\Magister%27s Terrace</Filter>
    </ClCompile>
    <ClCompile Include="..\scripts\zone\maraudon\boss_celebras_the_cursed.cpp">
      <Filter>Scripts\zone\Maraudon</Filter>
    </ClCompile>
    <ClCompile Include="..\scripts\zone\maraudon\boss_landslide.cpp">
      <Filter>Scripts\zone\Maraudon</Filter>
    </ClCompile>
    <ClCompile Include="..\scripts\zone\maraudon\boss_noxxion.cpp">
      <Filter>Scripts\zone\Maraudon</Filter>
    </ClCompile>
    <ClCompile Include="..\scripts\zone\maraudon\boss_princess_theradras.cpp">
      <Filter>Scripts\zone\Maraudon</Filter>
    </ClCompile>
    <ClCompile Include="..\scripts\zone\molten_core\boss_baron_geddon.cpp">
      <Filter>Scripts\zone\Molten Core</Filter>
    </ClCompile>
    <ClCompile Include="..\scripts\zone\molten_core\boss_garr.cpp">
      <Filter>Scripts\zone\Molten Core</Filter>
    </ClCompile>
    <ClCompile Include="..\scripts\zone\molten_core\boss_gehennas.cpp">
      <Filter>Scripts\zone\Molten Core</Filter>
    </ClCompile>
    <ClCompile Include="..\scripts\zone\molten_core\boss_golemagg.cpp">
      <Filter>Scripts\zone\Molten Core</Filter>
    </ClCompile>
    <ClCompile Include="..\scripts\zone\molten_core\boss_lucifron.cpp">
      <Filter>Scripts\zone\Molten Core</Filter>
    </ClCompile>
    <ClCompile Include="..\scripts\zone\molten_core\boss_magmadar.cpp">
      <Filter>Scripts\zone\Molten Core</Filter>
    </ClCompile>
    <ClCompile Include="..\scripts\zone\molten_core\boss_majordomo_executus.cpp">
      <Filter>Scripts\zone\Molten Core</Filter>
    </ClCompile>
    <ClCompile Include="..\scripts\zone\molten_core\boss_ragnaros.cpp">
      <Filter>Scripts\zone\Molten Core</Filter>
    </ClCompile>
    <ClCompile Include="..\scripts\zone\molten_core\boss_shazzrah.cpp">
      <Filter>Scripts\zone\Molten Core</Filter>
    </ClCompile>
    <ClCompile Include="..\scripts\zone\molten_core\boss_sulfuron_harbinger.cpp">
      <Filter>Scripts\zone\Molten Core</Filter>
    </ClCompile>
    <ClCompile Include="..\scripts\zone\molten_core\instance_molten_core.cpp">
      <Filter>Scripts\zone\Molten Core</Filter>
    </ClCompile>
    <ClCompile Include="..\scripts\zone\molten_core\molten_core.cpp">
      <Filter>Scripts\zone\Molten Core</Filter>
    </ClCompile>
    <ClCompile Include="..\scripts\zone\moonglade\moonglade.cpp">
      <Filter>Scripts\zone\Moonglade</Filter>
    </ClCompile>
    <ClCompile Include="..\scripts\zone\mulgore\mulgore.cpp">
      <Filter>Scripts\zone\Mulgore</Filter>
    </ClCompile>
    <ClCompile Include="..\scripts\zone\nagrand\nagrand.cpp">
      <Filter>Scripts\zone\Nagrand</Filter>
    </ClCompile>
    <ClCompile Include="..\scripts\zone\naxxramas\boss_anubrekhan.cpp">
      <Filter>Scripts\zone\Naxxramas</Filter>
    </ClCompile>
    <ClCompile Include="..\scripts\zone\naxxramas\boss_faerlina.cpp">
      <Filter>Scripts\zone\Naxxramas</Filter>
    </ClCompile>
    <ClCompile Include="..\scripts\zone\naxxramas\boss_four_horsemen.cpp">
      <Filter>Scripts\zone\Naxxramas</Filter>
    </ClCompile>
    <ClCompile Include="..\scripts\zone\naxxramas\boss_gluth.cpp">
      <Filter>Scripts\zone\Naxxramas</Filter>
    </ClCompile>
    <ClCompile Include="..\scripts\zone\naxxramas\boss_gothik.cpp">
      <Filter>Scripts\zone\Naxxramas</Filter>
    </ClCompile>
    <ClCompile Include="..\scripts\zone\naxxramas\boss_grobbulus.cpp">
      <Filter>Scripts\zone\Naxxramas</Filter>
    </ClCompile>
    <ClCompile Include="..\scripts\zone\naxxramas\boss_heigan.cpp">
      <Filter>Scripts\zone\Naxxramas</Filter>
    </ClCompile>
    <ClCompile Include="..\scripts\zone\naxxramas\boss_highlord_mograine.cpp">
      <Filter>Scripts\zone\Naxxramas</Filter>
    </ClCompile>
    <ClCompile Include="..\scripts\zone\naxxramas\boss_kelthuzad.cpp">
      <Filter>Scripts\zone\Naxxramas</Filter>
    </ClCompile>
    <ClCompile Include="..\scripts\zone\naxxramas\boss_loatheb.cpp">
      <Filter>Scripts\zone\Naxxramas</Filter>
    </ClCompile>
    <ClCompile Include="..\scripts\zone\naxxramas\boss_maexxna.cpp">
      <Filter>Scripts\zone\Naxxramas</Filter>
    </ClCompile>
    <ClCompile Include="..\scripts\zone\naxxramas\boss_noth.cpp">
      <Filter>Scripts\zone\Naxxramas</Filter>
    </ClCompile>
    <ClCompile Include="..\scripts\zone\naxxramas\boss_patchwerk.cpp">
      <Filter>Scripts\zone\Naxxramas</Filter>
    </ClCompile>
    <ClCompile Include="..\scripts\zone\naxxramas\boss_razuvious.cpp">
      <Filter>Scripts\zone\Naxxramas</Filter>
    </ClCompile>
    <ClCompile Include="..\scripts\zone\naxxramas\boss_sapphiron.cpp">
      <Filter>Scripts\zone\Naxxramas</Filter>
    </ClCompile>
    <ClCompile Include="..\scripts\zone\naxxramas\boss_thaddius.cpp">
      <Filter>Scripts\zone\Naxxramas</Filter>
    </ClCompile>
    <ClCompile Include="..\scripts\zone\naxxramas\instance_naxxramas.cpp">
      <Filter>Scripts\zone\Naxxramas</Filter>
    </ClCompile>
    <ClCompile Include="..\scripts\zone\netherstorm\netherstorm.cpp">
      <Filter>Scripts\zone\Netherstorm</Filter>
    </ClCompile>
    <ClCompile Include="..\scripts\zone\onyxias_lair\boss_onyxia.cpp">
      <Filter>Scripts\zone\Onyxia%27s Lair</Filter>
    </ClCompile>
    <ClCompile Include="..\scripts\zone\orgrimmar\orgrimmar.cpp">
      <Filter>Scripts\zone\Orgrimmar</Filter>
    </ClCompile>
    <ClCompile Include="..\scripts\zone\razorfen_downs\boss_amnennar_the_coldbringer.cpp">
      <Filter>Scripts\zone\Razorfen Downs</Filter>
    </ClCompile>
    <ClCompile Include="..\scripts\zone\razorfen_kraul\instance_razorfen_kraul.cpp">
      <Filter>Scripts\zone\Razorfen Kraul</Filter>
    </ClCompile>
    <ClCompile Include="..\scripts\zone\razorfen_kraul\razorfen_kraul.cpp">
      <Filter>Scripts\zone\Razorfen Kraul</Filter>
    </ClCompile>
    <ClCompile Include="..\scripts\zone\ruins_of_ahnqiraj\boss_ayamiss.cpp">
      <Filter>Scripts\zone\Ruins of Ahn%27Qiraj</Filter>
    </ClCompile>
    <ClCompile Include="..\scripts\zone\ruins_of_ahnqiraj\boss_buru.cpp">
      <Filter>Scripts\zone\Ruins of Ahn%27Qiraj</Filter>
    </ClCompile>
    <ClCompile Include="..\scripts\zone\ruins_of_ahnqiraj\boss_kurinnaxx.cpp">
      <Filter>Scripts\zone\Ruins of Ahn%27Qiraj</Filter>
    </ClCompile>
    <ClCompile Include="..\scripts\zone\ruins_of_ahnqiraj\boss_moam.cpp">
      <Filter>Scripts\zone\Ruins of Ahn%27Qiraj</Filter>
    </ClCompile>
    <ClCompile Include="..\scripts\zone\ruins_of_ahnqiraj\boss_ossirian.cpp">
      <Filter>Scripts\zone\Ruins of Ahn%27Qiraj</Filter>
    </ClCompile>
    <ClCompile Include="..\scripts\zone\ruins_of_ahnqiraj\boss_rajaxx.cpp">
      <Filter>Scripts\zone\Ruins of Ahn%27Qiraj</Filter>
    </ClCompile>
    <ClCompile Include="..\scripts\zone\ruins_of_ahnqiraj\instance_ruins_of_ahnqiraj.cpp">
      <Filter>Scripts\zone\Ruins of Ahn%27Qiraj</Filter>
    </ClCompile>
    <ClCompile Include="..\scripts\zone\scarlet_monastery\boss_arcanist_doan.cpp">
      <Filter>Scripts\zone\Scarlet Monastery</Filter>
    </ClCompile>
    <ClCompile Include="..\scripts\zone\scarlet_monastery\boss_azshir_the_sleepless.cpp">
      <Filter>Scripts\zone\Scarlet Monastery</Filter>
    </ClCompile>
    <ClCompile Include="..\scripts\zone\scarlet_monastery\boss_bloodmage_thalnos.cpp">
      <Filter>Scripts\zone\Scarlet Monastery</Filter>
    </ClCompile>
    <ClCompile Include="..\scripts\zone\scarlet_monastery\boss_headless_horseman.cpp">
      <Filter>Scripts\zone\Scarlet Monastery</Filter>
    </ClCompile>
    <ClCompile Include="..\scripts\zone\scarlet_monastery\boss_herod.cpp">
      <Filter>Scripts\zone\Scarlet Monastery</Filter>
    </ClCompile>
    <ClCompile Include="..\scripts\zone\scarlet_monastery\boss_high_inquisitor_fairbanks.cpp">
      <Filter>Scripts\zone\Scarlet Monastery</Filter>
    </ClCompile>
    <ClCompile Include="..\scripts\zone\scarlet_monastery\boss_houndmaster_loksey.cpp">
      <Filter>Scripts\zone\Scarlet Monastery</Filter>
    </ClCompile>
    <ClCompile Include="..\scripts\zone\scarlet_monastery\boss_interrogator_vishas.cpp">
      <Filter>Scripts\zone\Scarlet Monastery</Filter>
    </ClCompile>
    <ClCompile Include="..\scripts\zone\scarlet_monastery\boss_mograine_and_whitemane.cpp">
      <Filter>Scripts\zone\Scarlet Monastery</Filter>
    </ClCompile>
    <ClCompile Include="..\scripts\zone\scarlet_monastery\boss_scorn.cpp">
      <Filter>Scripts\zone\Scarlet Monastery</Filter>
    </ClCompile>
    <ClCompile Include="..\scripts\zone\scarlet_monastery\instance_scarlet_monastery.cpp">
      <Filter>Scripts\zone\Scarlet Monastery</Filter>
    </ClCompile>
    <ClCompile Include="..\scripts\zone\scholomance\boss_darkmaster_gandling.cpp">
      <Filter>Scripts\zone\Scholomance</Filter>
    </ClCompile>
    <ClCompile Include="..\scripts\zone\scholomance\boss_death_knight_darkreaver.cpp">
      <Filter>Scripts\zone\Scholomance</Filter>
    </ClCompile>
    <ClCompile Include="..\scripts\zone\scholomance\boss_doctor_theolen_krastinov.cpp">
      <Filter>Scripts\zone\Scholomance</Filter>
    </ClCompile>
    <ClCompile Include="..\scripts\zone\scholomance\boss_illucia_barov.cpp">
      <Filter>Scripts\zone\Scholomance</Filter>
    </ClCompile>
    <ClCompile Include="..\scripts\zone\scholomance\boss_instructor_malicia.cpp">
      <Filter>Scripts\zone\Scholomance</Filter>
    </ClCompile>
    <ClCompile Include="..\scripts\zone\scholomance\boss_jandice_barov.cpp">
      <Filter>Scripts\zone\Scholomance</Filter>
    </ClCompile>
    <ClCompile Include="..\scripts\zone\scholomance\boss_kormok.cpp">
      <Filter>Scripts\zone\Scholomance</Filter>
    </ClCompile>
    <ClCompile Include="..\scripts\zone\scholomance\boss_lord_alexei_barov.cpp">
      <Filter>Scripts\zone\Scholomance</Filter>
    </ClCompile>
    <ClCompile Include="..\scripts\zone\scholomance\boss_lorekeeper_polkelt.cpp">
      <Filter>Scripts\zone\Scholomance</Filter>
    </ClCompile>
    <ClCompile Include="..\scripts\zone\scholomance\boss_ras_frostwhisper.cpp">
      <Filter>Scripts\zone\Scholomance</Filter>
    </ClCompile>
    <ClCompile Include="..\scripts\zone\scholomance\boss_the_ravenian.cpp">
      <Filter>Scripts\zone\Scholomance</Filter>
    </ClCompile>
    <ClCompile Include="..\scripts\zone\scholomance\boss_vectus.cpp">
      <Filter>Scripts\zone\Scholomance</Filter>
    </ClCompile>
    <ClCompile Include="..\scripts\zone\scholomance\instance_scholomance.cpp">
      <Filter>Scripts\zone\Scholomance</Filter>
    </ClCompile>
    <ClCompile Include="..\scripts\zone\searing_gorge\searing_gorge.cpp">
      <Filter>Scripts\zone\Searing Gorge</Filter>
    </ClCompile>
    <ClCompile Include="..\scripts\zone\shadowfang_keep\instance_shadowfang_keep.cpp">
      <Filter>Scripts\zone\Shadowfang Keep</Filter>
    </ClCompile>
    <ClCompile Include="..\scripts\zone\shadowfang_keep\shadowfang_keep.cpp">
      <Filter>Scripts\zone\Shadowfang Keep</Filter>
    </ClCompile>
    <ClCompile Include="..\scripts\zone\shadowmoon_valley\boss_doomwalker.cpp">
      <Filter>Scripts\zone\Shadowmoon Valley</Filter>
    </ClCompile>
    <ClCompile Include="..\scripts\zone\shadowmoon_valley\shadowmoon_valley.cpp">
      <Filter>Scripts\zone\Shadowmoon Valley</Filter>
    </ClCompile>
    <ClCompile Include="..\scripts\zone\shattrath\shattrath_city.cpp">
      <Filter>Scripts\zone\Shattrath City</Filter>
    </ClCompile>
    <ClCompile Include="..\scripts\zone\silithus\silithus.cpp">
      <Filter>Scripts\zone\Silithus</Filter>
    </ClCompile>
    <ClCompile Include="..\scripts\zone\silvermoon\silvermoon_city.cpp">
      <Filter>Scripts\zone\Silvermoon City</Filter>
    </ClCompile>
    <ClCompile Include="..\scripts\zone\silverpine_forest\silverpine_forest.cpp">
      <Filter>Scripts\zone\Silverpine Forest</Filter>
    </ClCompile>
    <ClCompile Include="..\scripts\zone\stonetalon_mountains\stonetalon_mountains.cpp">
      <Filter>Scripts\zone\Stonetalon Mountains</Filter>
    </ClCompile>
    <ClCompile Include="..\scripts\zone\stormwind\stormwind_city.cpp">
      <Filter>Scripts\zone\Stormwind City</Filter>
    </ClCompile>
    <ClCompile Include="..\scripts\zone\stranglethorn_vale\stranglethorn_vale.cpp">
      <Filter>Scripts\zone\Stranglethorn Vale</Filter>
    </ClCompile>
    <ClCompile Include="..\scripts\zone\stratholme\boss_baroness_anastari.cpp">
      <Filter>Scripts\zone\Stratholme</Filter>
    </ClCompile>
    <ClCompile Include="..\scripts\zone\stratholme\boss_baron_rivendare.cpp">
      <Filter>Scripts\zone\Stratholme</Filter>
    </ClCompile>
    <ClCompile Include="..\scripts\zone\stratholme\boss_cannon_master_willey.cpp">
      <Filter>Scripts\zone\Stratholme</Filter>
    </ClCompile>
    <ClCompile Include="..\scripts\zone\stratholme\boss_dathrohan_balnazzar.cpp">
      <Filter>Scripts\zone\Stratholme</Filter>
    </ClCompile>
    <ClCompile Include="..\scripts\zone\stratholme\boss_magistrate_barthilas.cpp">
      <Filter>Scripts\zone\Stratholme</Filter>
    </ClCompile>
    <ClCompile Include="..\scripts\zone\stratholme\boss_maleki_the_pallid.cpp">
      <Filter>Scripts\zone\Stratholme</Filter>
    </ClCompile>
    <ClCompile Include="..\scripts\zone\stratholme\boss_nerubenkan.cpp">
      <Filter>Scripts\zone\Stratholme</Filter>
    </ClCompile>
    <ClCompile Include="..\scripts\zone\stratholme\boss_order_of_silver_hand.cpp">
      <Filter>Scripts\zone\Stratholme</Filter>
    </ClCompile>
    <ClCompile Include="..\scripts\zone\stratholme\boss_postmaster_malown.cpp">
      <Filter>Scripts\zone\Stratholme</Filter>
    </ClCompile>
    <ClCompile Include="..\scripts\zone\stratholme\boss_ramstein_the_gorger.cpp">
      <Filter>Scripts\zone\Stratholme</Filter>
    </ClCompile>
    <ClCompile Include="..\scripts\zone\stratholme\boss_timmy_the_cruel.cpp">
      <Filter>Scripts\zone\Stratholme</Filter>
    </ClCompile>
    <ClCompile Include="..\scripts\zone\stratholme\instance_stratholme.cpp">
      <Filter>Scripts\zone\Stratholme</Filter>
    </ClCompile>
    <ClCompile Include="..\scripts\zone\stratholme\stratholme.cpp">
      <Filter>Scripts\zone\Stratholme</Filter>
    </ClCompile>
    <ClCompile Include="..\scripts\zone\sunwell_plateau\boss_brutallus.cpp">
      <Filter>Scripts\zone\Sunwell Plateau</Filter>
    </ClCompile>
    <ClCompile Include="..\scripts\zone\sunwell_plateau\boss_eredar_twins.cpp">
      <Filter>Scripts\zone\Sunwell Plateau</Filter>
    </ClCompile>
    <ClCompile Include="..\scripts\zone\sunwell_plateau\boss_felmyst.cpp">
      <Filter>Scripts\zone\Sunwell Plateau</Filter>
    </ClCompile>
    <ClCompile Include="..\scripts\zone\sunwell_plateau\boss_kalecgos.cpp">
      <Filter>Scripts\zone\Sunwell Plateau</Filter>
    </ClCompile>
    <ClCompile Include="..\scripts\zone\sunwell_plateau\boss_kiljaeden.cpp">
      <Filter>Scripts\zone\Sunwell Plateau</Filter>
    </ClCompile>
    <ClCompile Include="..\scripts\zone\sunwell_plateau\boss_muru.cpp">
      <Filter>Scripts\zone\Sunwell Plateau</Filter>
    </ClCompile>
    <ClCompile Include="..\scripts\zone\sunwell_plateau\instance_sunwell_plateau.cpp">
      <Filter>Scripts\zone\Sunwell Plateau</Filter>
    </ClCompile>
    <ClCompile Include="..\scripts\zone\sunwell_plateau\sunwell_plateau.cpp">
      <Filter>Scripts\zone\Sunwell Plateau</Filter>
    </ClCompile>
    <ClCompile Include="..\scripts\zone\tanaris\tanaris.cpp">
      <Filter>Scripts\zone\Tanaris</Filter>
    </ClCompile>
    <ClCompile Include="..\scripts\zone\tempest_keep\arcatraz\arcatraz.cpp">
      <Filter>Scripts\zone\Tempest Keep\Arcatraz</Filter>
    </ClCompile>
    <ClCompile Include="..\scripts\zone\tempest_keep\arcatraz\boss_harbinger_skyriss.cpp">
      <Filter>Scripts\zone\Tempest Keep\Arcatraz</Filter>
    </ClCompile>
    <ClCompile Include="..\scripts\zone\tempest_keep\arcatraz\instance_arcatraz.cpp">
      <Filter>Scripts\zone\Tempest Keep\Arcatraz</Filter>
    </ClCompile>
    <ClCompile Include="..\scripts\zone\tempest_keep\botanica\boss_high_botanist_freywinn.cpp">
      <Filter>Scripts\zone\Tempest Keep\Botanica</Filter>
    </ClCompile>
    <ClCompile Include="..\scripts\zone\tempest_keep\botanica\boss_laj.cpp">
      <Filter>Scripts\zone\Tempest Keep\Botanica</Filter>
    </ClCompile>
    <ClCompile Include="..\scripts\zone\tempest_keep\botanica\boss_warp_splinter.cpp">
      <Filter>Scripts\zone\Tempest Keep\Botanica</Filter>
    </ClCompile>
    <ClCompile Include="..\scripts\zone\tempest_keep\the_eye\boss_alar.cpp">
      <Filter>Scripts\zone\Tempest Keep\The Eye</Filter>
    </ClCompile>
    <ClCompile Include="..\scripts\zone\tempest_keep\the_eye\boss_astromancer.cpp">
      <Filter>Scripts\zone\Tempest Keep\The Eye</Filter>
    </ClCompile>
    <ClCompile Include="..\scripts\zone\tempest_keep\the_eye\boss_kaelthas.cpp">
      <Filter>Scripts\zone\Tempest Keep\The Eye</Filter>
    </ClCompile>
    <ClCompile Include="..\scripts\zone\tempest_keep\the_eye\boss_void_reaver.cpp">
      <Filter>Scripts\zone\Tempest Keep\The Eye</Filter>
    </ClCompile>
    <ClCompile Include="..\scripts\zone\tempest_keep\the_eye\instance_the_eye.cpp">
      <Filter>Scripts\zone\Tempest Keep\The Eye</Filter>
    </ClCompile>
    <ClCompile Include="..\scripts\zone\tempest_keep\the_eye\the_eye.cpp">
      <Filter>Scripts\zone\Tempest Keep\The Eye</Filter>
    </ClCompile>
    <ClCompile Include="..\scripts\zone\tempest_keep\the_mechanar\boss_gatewatcher_gyrokill.cpp">
      <Filter>Scripts\zone\Tempest Keep\The Mechanar</Filter>
    </ClCompile>
    <ClCompile Include="..\scripts\zone\tempest_keep\the_mechanar\boss_gatewatcher_ironhand.cpp">
      <Filter>Scripts\zone\Tempest Keep\The Mechanar</Filter>
    </ClCompile>
    <ClCompile Include="..\scripts\zone\tempest_keep\the_mechanar\boss_nethermancer_sepethrea.cpp">
      <Filter>Scripts\zone\Tempest Keep\The Mechanar</Filter>
    </ClCompile>
    <ClCompile Include="..\scripts\zone\tempest_keep\the_mechanar\boss_pathaleon_the_calculator.cpp">
      <Filter>Scripts\zone\Tempest Keep\The Mechanar</Filter>
    </ClCompile>
    <ClCompile Include="..\scripts\zone\tempest_keep\the_mechanar\instance_mechanar.cpp">
      <Filter>Scripts\zone\Tempest Keep\The Mechanar</Filter>
    </ClCompile>
    <ClCompile Include="..\scripts\zone\temple_of_ahnqiraj\boss_bug_trio.cpp">
      <Filter>Scripts\zone\Temple of Ahn%27Qiraj</Filter>
    </ClCompile>
    <ClCompile Include="..\scripts\zone\temple_of_ahnqiraj\boss_cthun.cpp">
      <Filter>Scripts\zone\Temple of Ahn%27Qiraj</Filter>
    </ClCompile>
    <ClCompile Include="..\scripts\zone\temple_of_ahnqiraj\boss_fankriss.cpp">
      <Filter>Scripts\zone\Temple of Ahn%27Qiraj</Filter>
    </ClCompile>
    <ClCompile Include="..\scripts\zone\temple_of_ahnqiraj\boss_huhuran.cpp">
      <Filter>Scripts\zone\Temple of Ahn%27Qiraj</Filter>
    </ClCompile>
    <ClCompile Include="..\scripts\zone\temple_of_ahnqiraj\boss_ouro.cpp">
      <Filter>Scripts\zone\Temple of Ahn%27Qiraj</Filter>
    </ClCompile>
    <ClCompile Include="..\scripts\zone\temple_of_ahnqiraj\boss_sartura.cpp">
      <Filter>Scripts\zone\Temple of Ahn%27Qiraj</Filter>
    </ClCompile>
    <ClCompile Include="..\scripts\zone\temple_of_ahnqiraj\boss_skeram.cpp">
      <Filter>Scripts\zone\Temple of Ahn%27Qiraj</Filter>
    </ClCompile>
    <ClCompile Include="..\scripts\zone\temple_of_ahnqiraj\boss_twinemperors.cpp">
      <Filter>Scripts\zone\Temple of Ahn%27Qiraj</Filter>
    </ClCompile>
    <ClCompile Include="..\scripts\zone\temple_of_ahnqiraj\boss_viscidus.cpp">
      <Filter>Scripts\zone\Temple of Ahn%27Qiraj</Filter>
    </ClCompile>
    <ClCompile Include="..\scripts\zone\temple_of_ahnqiraj\instance_temple_of_ahnqiraj.cpp">
      <Filter>Scripts\zone\Temple of Ahn%27Qiraj</Filter>
    </ClCompile>
    <ClCompile Include="..\scripts\zone\temple_of_ahnqiraj\mob_anubisath_sentinel.cpp">
      <Filter>Scripts\zone\Temple of Ahn%27Qiraj</Filter>
    </ClCompile>
    <ClCompile Include="..\scripts\zone\terokkar_forest\terokkar_forest.cpp">
      <Filter>Scripts\zone\Terokkar Forest</Filter>
    </ClCompile>
    <ClCompile Include="..\scripts\zone\thousand_needles\thousand_needles.cpp">
      <Filter>Scripts\zone\Thousand Needles</Filter>
    </ClCompile>
    <ClCompile Include="..\scripts\zone\thunder_bluff\thunder_bluff.cpp">
      <Filter>Scripts\zone\Thunder Bluff</Filter>
    </ClCompile>
    <ClCompile Include="..\scripts\zone\tirisfal_glades\tirisfal_glades.cpp">
      <Filter>Scripts\zone\Tirisfal Glades</Filter>
    </ClCompile>
    <ClCompile Include="..\scripts\zone\uldaman\boss_archaedas.cpp">
      <Filter>Scripts\zone\Uldaman</Filter>
    </ClCompile>
    <ClCompile Include="..\scripts\zone\uldaman\boss_ironaya.cpp">
      <Filter>Scripts\zone\Uldaman</Filter>
    </ClCompile>
    <ClCompile Include="..\scripts\zone\uldaman\instance_uldaman.cpp">
      <Filter>Scripts\zone\Uldaman</Filter>
    </ClCompile>
    <ClCompile Include="..\scripts\zone\uldaman\uldaman.cpp">
      <Filter>Scripts\zone\Uldaman</Filter>
    </ClCompile>
    <ClCompile Include="..\scripts\zone\undercity\undercity.cpp">
      <Filter>Scripts\zone\Undercity</Filter>
    </ClCompile>
    <ClCompile Include="..\scripts\zone\ungoro_crater\ungoro_crater.cpp">
      <Filter>Scripts\zone\Un%27Goro Crater</Filter>
    </ClCompile>
    <ClCompile Include="..\scripts\zone\wailing_caverns\instance_wailing_caverns.cpp">
      <Filter>Scripts\zone\Wailing Caverns</Filter>
    </ClCompile>
    <ClCompile Include="..\scripts\zone\western_plaguelands\western_plaguelands.cpp">
      <Filter>Scripts\zone\Western Plaguelands</Filter>
    </ClCompile>
    <ClCompile Include="..\scripts\zone\westfall\westfall.cpp">
      <Filter>Scripts\zone\Westfall</Filter>
    </ClCompile>
    <ClCompile Include="..\scripts\zone\winterspring\winterspring.cpp">
      <Filter>Scripts\zone\Winterspring</Filter>
    </ClCompile>
    <ClCompile Include="..\scripts\zone\zangarmarsh\zangarmarsh.cpp">
      <Filter>Scripts\zone\Zangarmarsh</Filter>
    </ClCompile>
    <ClCompile Include="..\scripts\zone\zulaman\boss_akilzon.cpp">
      <Filter>Scripts\zone\Zul%27Aman</Filter>
    </ClCompile>
    <ClCompile Include="..\scripts\zone\zulaman\boss_halazzi.cpp">
      <Filter>Scripts\zone\Zul%27Aman</Filter>
    </ClCompile>
    <ClCompile Include="..\scripts\zone\zulaman\boss_hexlord.cpp">
      <Filter>Scripts\zone\Zul%27Aman</Filter>
    </ClCompile>
    <ClCompile Include="..\scripts\zone\zulaman\boss_janalai.cpp">
      <Filter>Scripts\zone\Zul%27Aman</Filter>
    </ClCompile>
    <ClCompile Include="..\scripts\zone\zulaman\boss_nalorakk.cpp">
      <Filter>Scripts\zone\Zul%27Aman</Filter>
    </ClCompile>
    <ClCompile Include="..\scripts\zone\zulaman\boss_zuljin.cpp">
      <Filter>Scripts\zone\Zul%27Aman</Filter>
    </ClCompile>
    <ClCompile Include="..\scripts\zone\zulaman\instance_zulaman.cpp">
      <Filter>Scripts\zone\Zul%27Aman</Filter>
    </ClCompile>
    <ClCompile Include="..\scripts\zone\zulaman\zulaman.cpp">
      <Filter>Scripts\zone\Zul%27Aman</Filter>
    </ClCompile>
    <ClCompile Include="..\scripts\zone\zulfarrak\zulfarrak.cpp">
      <Filter>Scripts\zone\Zul%27Farrak</Filter>
    </ClCompile>
    <ClCompile Include="..\scripts\zone\zulgurub\boss_arlokk.cpp">
      <Filter>Scripts\zone\Zul%27Gurub</Filter>
    </ClCompile>
    <ClCompile Include="..\scripts\zone\zulgurub\boss_gahzranka.cpp">
      <Filter>Scripts\zone\Zul%27Gurub</Filter>
    </ClCompile>
    <ClCompile Include="..\scripts\zone\zulgurub\boss_grilek.cpp">
      <Filter>Scripts\zone\Zul%27Gurub</Filter>
    </ClCompile>
    <ClCompile Include="..\scripts\zone\zulgurub\boss_hakkar.cpp">
      <Filter>Scripts\zone\Zul%27Gurub</Filter>
    </ClCompile>
    <ClCompile Include="..\scripts\zone\zulgurub\boss_hazzarah.cpp">
      <Filter>Scripts\zone\Zul%27Gurub</Filter>
    </ClCompile>
    <ClCompile Include="..\scripts\zone\zulgurub\boss_jeklik.cpp">
      <Filter>Scripts\zone\Zul%27Gurub</Filter>
    </ClCompile>
    <ClCompile Include="..\scripts\zone\zulgurub\boss_jindo.cpp">
      <Filter>Scripts\zone\Zul%27Gurub</Filter>
    </ClCompile>
    <ClCompile Include="..\scripts\zone\zulgurub\boss_mandokir.cpp">
      <Filter>Scripts\zone\Zul%27Gurub</Filter>
    </ClCompile>
    <ClCompile Include="..\scripts\zone\zulgurub\boss_marli.cpp">
      <Filter>Scripts\zone\Zul%27Gurub</Filter>
    </ClCompile>
    <ClCompile Include="..\scripts\zone\zulgurub\boss_renataki.cpp">
      <Filter>Scripts\zone\Zul%27Gurub</Filter>
    </ClCompile>
    <ClCompile Include="..\scripts\zone\zulgurub\boss_thekal.cpp">
      <Filter>Scripts\zone\Zul%27Gurub</Filter>
    </ClCompile>
    <ClCompile Include="..\scripts\zone\zulgurub\boss_venoxis.cpp">
      <Filter>Scripts\zone\Zul%27Gurub</Filter>
    </ClCompile>
    <ClCompile Include="..\scripts\zone\zulgurub\boss_wushoolay.cpp">
      <Filter>Scripts\zone\Zul%27Gurub</Filter>
    </ClCompile>
    <ClCompile Include="..\scripts\zone\zulgurub\instance_zulgurub.cpp">
      <Filter>Scripts\zone\Zul%27Gurub</Filter>
    </ClCompile>
    <ClCompile Include="..\system\ScriptLoader.cpp">
      <Filter>System</Filter>
    </ClCompile>
    <ClCompile Include="..\system\system.cpp">
      <Filter>System</Filter>
    </ClCompile>
  </ItemGroup>
  <ItemGroup>
    <ClInclude Include="..\config.h" />
    <ClInclude Include="..\include\precompiled.h">
      <Filter>Include</Filter>
    </ClInclude>
    <ClInclude Include="..\include\sc_creature.h">
      <Filter>Include</Filter>
    </ClInclude>
    <ClInclude Include="..\include\sc_gossip.h">
      <Filter>Include</Filter>
    </ClInclude>
    <ClInclude Include="..\include\sc_instance.h">
      <Filter>Include</Filter>
    </ClInclude>
    <ClInclude Include="..\include\sc_item.h">
      <Filter>Include</Filter>
    </ClInclude>
    <ClInclude Include="..\ScriptMgr.h" />
    <ClInclude Include="..\scripts\creature\simple_ai.h">
      <Filter>Scripts\creature</Filter>
    </ClInclude>
    <ClInclude Include="..\scripts\guard\guard_ai.h">
      <Filter>Scripts\guard</Filter>
    </ClInclude>
    <ClInclude Include="..\scripts\npc\escort_ai.h">
      <Filter>Scripts\npc</Filter>
    </ClInclude>
    <ClInclude Include="..\scripts\zone\aunchindoun\sethekk_halls\def_sethekk_halls.h">
      <Filter>Scripts\zone\Aunchindoun\Sethekk Halls</Filter>
    </ClInclude>
    <ClInclude Include="..\scripts\zone\aunchindoun\shadow_labyrinth\def_shadow_labyrinth.h">
      <Filter>Scripts\zone\Aunchindoun\Shadow Labyrinth</Filter>
    </ClInclude>
    <ClInclude Include="..\scripts\zone\blackrock_depths\def_blackrock_depths.h">
      <Filter>Scripts\zone\Blackrock Depths</Filter>
    </ClInclude>
    <ClInclude Include="..\scripts\zone\black_temple\def_black_temple.h">
      <Filter>Scripts\zone\Black Temple</Filter>
    </ClInclude>
    <ClInclude Include="..\scripts\zone\caverns_of_time\dark_portal\def_dark_portal.h">
      <Filter>Scripts\zone\Caverns of Time\The Dark Portal</Filter>
    </ClInclude>
    <ClInclude Include="..\scripts\zone\caverns_of_time\hyjal\def_hyjal.h">
      <Filter>Scripts\zone\Caverns of Time\Battle for Mt. Hyjal</Filter>
    </ClInclude>
    <ClInclude Include="..\scripts\zone\caverns_of_time\hyjal\hyjalAI.h">
      <Filter>Scripts\zone\Caverns of Time\Battle for Mt. Hyjal</Filter>
    </ClInclude>
    <ClInclude Include="..\scripts\zone\caverns_of_time\hyjal\hyjal_trash.h">
      <Filter>Scripts\zone\Caverns of Time\Battle for Mt. Hyjal</Filter>
    </ClInclude>
    <ClInclude Include="..\scripts\zone\caverns_of_time\old_hillsbrad\def_old_hillsbrad.h">
      <Filter>Scripts\zone\Caverns of Time\Old Hillsbrad</Filter>
    </ClInclude>
    <ClInclude Include="..\scripts\zone\coilfang_resevoir\serpent_shrine\def_serpent_shrine.h">
      <Filter>Scripts\zone\Coilfang Resevoir\Serpent Shrine Cavern</Filter>
    </ClInclude>
    <ClInclude Include="..\scripts\zone\coilfang_resevoir\steam_vault\def_steam_vault.h">
      <Filter>Scripts\zone\Coilfang Resevoir\Steam Vault</Filter>
    </ClInclude>
    <ClInclude Include="..\scripts\zone\deadmines\def_deadmines.h">
      <Filter>Scripts\zone\Deadmines</Filter>
    </ClInclude>
    <ClInclude Include="..\scripts\zone\gruuls_lair\def_gruuls_lair.h">
      <Filter>Scripts\zone\Gruul%27s Lair</Filter>
    </ClInclude>
    <ClInclude Include="..\scripts\zone\hellfire_citadel\blood_furnace\def_blood_furnace.h">
      <Filter>Scripts\zone\Hellfire Citadel\Blood Furnace</Filter>
    </ClInclude>
    <ClInclude Include="..\scripts\zone\hellfire_citadel\magtheridons_lair\def_magtheridons_lair.h">
      <Filter>Scripts\zone\Hellfire Citadel\Magtheridon%27s lair</Filter>
    </ClInclude>
    <ClInclude Include="..\scripts\zone\hellfire_citadel\shattered_halls\def_shattered_halls.h">
      <Filter>Scripts\zone\Hellfire Citadel\Shattered Halls</Filter>
    </ClInclude>
    <ClInclude Include="..\scripts\zone\karazhan\def_karazhan.h">
      <Filter>Scripts\zone\Karazhan</Filter>
    </ClInclude>
    <ClInclude Include="..\scripts\zone\magisters_terrace\def_magisters_terrace.h">
      <Filter>Scripts\zone\Magister%27s Terrace</Filter>
    </ClInclude>
    <ClInclude Include="..\scripts\zone\molten_core\def_molten_core.h">
      <Filter>Scripts\zone\Molten Core</Filter>
    </ClInclude>
    <ClInclude Include="..\scripts\zone\razorfen_kraul\def_razorfen_kraul.h">
      <Filter>Scripts\zone\Razorfen Kraul</Filter>
    </ClInclude>
    <ClInclude Include="..\scripts\zone\scarlet_monastery\def_scarlet_monastery.h">
      <Filter>Scripts\zone\Scarlet Monastery</Filter>
    </ClInclude>
    <ClInclude Include="..\scripts\zone\scholomance\def_scholomance.h">
      <Filter>Scripts\zone\Scholomance</Filter>
    </ClInclude>
    <ClInclude Include="..\scripts\zone\shadowfang_keep\def_shadowfang_keep.h">
      <Filter>Scripts\zone\Shadowfang Keep</Filter>
    </ClInclude>
    <ClInclude Include="..\scripts\zone\stratholme\def_stratholme.h">
      <Filter>Scripts\zone\Stratholme</Filter>
    </ClInclude>
    <ClInclude Include="..\scripts\zone\sunwell_plateau\def_sunwell_plateau.h">
      <Filter>Scripts\zone\Sunwell Plateau</Filter>
    </ClInclude>
    <ClInclude Include="..\scripts\zone\tempest_keep\arcatraz\def_arcatraz.h">
      <Filter>Scripts\zone\Tempest Keep\Arcatraz</Filter>
    </ClInclude>
    <ClInclude Include="..\scripts\zone\tempest_keep\the_eye\def_the_eye.h">
      <Filter>Scripts\zone\Tempest Keep\The Eye</Filter>
    </ClInclude>
    <ClInclude Include="..\scripts\zone\tempest_keep\the_mechanar\def_mechanar.h">
      <Filter>Scripts\zone\Tempest Keep\The Mechanar</Filter>
    </ClInclude>
    <ClInclude Include="..\scripts\zone\temple_of_ahnqiraj\def_temple_of_ahnqiraj.h">
      <Filter>Scripts\zone\Temple of Ahn%27Qiraj</Filter>
    </ClInclude>
    <ClInclude Include="..\scripts\zone\zulaman\def_zulaman.h">
      <Filter>Scripts\zone\Zul%27Aman</Filter>
    </ClInclude>
    <ClInclude Include="..\scripts\zone\zulgurub\def_zulgurub.h">
      <Filter>Scripts\zone\Zul%27Gurub</Filter>
    </ClInclude>
    <ClInclude Include="..\svn_revision.h" />
    <ClInclude Include="..\system\ScriptLoader.h">
      <Filter>System</Filter>
    </ClInclude>
    <ClInclude Include="..\system\system.h">
      <Filter>System</Filter>
    </ClInclude>
  </ItemGroup>
  <ItemGroup>
    <ResourceCompile Include="..\oregonscripts.rc" />
  </ItemGroup>
</Project>